// !$*UTF8*$!
{
	archiveVersion = 1;
	classes = {
	};
	objectVersion = 48;
	objects = {

/* Begin PBXBuildFile section */
		56BAB5147F27307C82592834 /* Pods_LibrariesPrototypeTests.framework in Frameworks */ = {isa = PBXBuildFile; fileRef = 2C0A85CE7564EA861DE44C07 /* Pods_LibrariesPrototypeTests.framework */; };
		9E62CD40226C81560078AAC6 /* RepositoryCollectionViewCell.swift in Sources */ = {isa = PBXBuildFile; fileRef = 9E62CD3B226C81560078AAC6 /* RepositoryCollectionViewCell.swift */; };
		9E62CD41226C81560078AAC6 /* ReposService.swift in Sources */ = {isa = PBXBuildFile; fileRef = 9E62CD3C226C81560078AAC6 /* ReposService.swift */; };
		9E62CD42226C81560078AAC6 /* ReposViewController.swift in Sources */ = {isa = PBXBuildFile; fileRef = 9E62CD3D226C81560078AAC6 /* ReposViewController.swift */; };
		9E62CD43226C81560078AAC6 /* RepositoryViewModel.swift in Sources */ = {isa = PBXBuildFile; fileRef = 9E62CD3E226C81560078AAC6 /* RepositoryViewModel.swift */; };
		9E62CD44226C81560078AAC6 /* ReposViewModel.swift in Sources */ = {isa = PBXBuildFile; fileRef = 9E62CD3F226C81560078AAC6 /* ReposViewModel.swift */; };
		9E62CD48226C8E3F0078AAC6 /* Repository.swift in Sources */ = {isa = PBXBuildFile; fileRef = 9E62CD46226C8E3F0078AAC6 /* Repository.swift */; };
		9E62CD49226C8E3F0078AAC6 /* Owner.swift in Sources */ = {isa = PBXBuildFile; fileRef = 9E62CD47226C8E3F0078AAC6 /* Owner.swift */; };
		9E62CD51226C904F0078AAC6 /* AlamofireHTTPClient.swift in Sources */ = {isa = PBXBuildFile; fileRef = 9E62CD4F226C904F0078AAC6 /* AlamofireHTTPClient.swift */; };
		9E62CD52226C904F0078AAC6 /* Endpoint.swift in Sources */ = {isa = PBXBuildFile; fileRef = 9E62CD50226C904F0078AAC6 /* Endpoint.swift */; };
		9E62CD56226C907A0078AAC6 /* GithubAPI.swift in Sources */ = {isa = PBXBuildFile; fileRef = 9E62CD55226C907A0078AAC6 /* GithubAPI.swift */; };
		9E62CD58226C911A0078AAC6 /* LTRXViewModel.swift in Sources */ = {isa = PBXBuildFile; fileRef = 9E62CD57226C911A0078AAC6 /* LTRXViewModel.swift */; };
		9E62CD5A226C91BD0078AAC6 /* LTRXViewController.swift in Sources */ = {isa = PBXBuildFile; fileRef = 9E62CD59226C91BD0078AAC6 /* LTRXViewController.swift */; };
		9E62CD5C226C92CE0078AAC6 /* LTCollectionViewFlowLayout.swift in Sources */ = {isa = PBXBuildFile; fileRef = 9E62CD5B226C92CE0078AAC6 /* LTCollectionViewFlowLayout.swift */; };
		9E94B3DD2030BEC000B8BA18 /* AppDelegate.swift in Sources */ = {isa = PBXBuildFile; fileRef = 9E94B3DC2030BEC000B8BA18 /* AppDelegate.swift */; };
		9E94B3E42030BEC000B8BA18 /* Assets.xcassets in Resources */ = {isa = PBXBuildFile; fileRef = 9E94B3E32030BEC000B8BA18 /* Assets.xcassets */; };
		9E94B3F22030BEC000B8BA18 /* LibrariesPrototypeTests.swift in Sources */ = {isa = PBXBuildFile; fileRef = 9E94B3F12030BEC000B8BA18 /* LibrariesPrototypeTests.swift */; };
		9E94B3FD2030BEC000B8BA18 /* LibrariesPrototypeUITests.swift in Sources */ = {isa = PBXBuildFile; fileRef = 9E94B3FC2030BEC000B8BA18 /* LibrariesPrototypeUITests.swift */; };
		9EA1EC38226BE5A100AC5F88 /* Navigation.swift in Sources */ = {isa = PBXBuildFile; fileRef = 9EA1EC37226BE5A100AC5F88 /* Navigation.swift */; };
		9EA1EC3A226BE60000AC5F88 /* LTWindow.swift in Sources */ = {isa = PBXBuildFile; fileRef = 9EA1EC39226BE60000AC5F88 /* LTWindow.swift */; };
		9EA1EC3C226BE6E800AC5F88 /* Application.swift in Sources */ = {isa = PBXBuildFile; fileRef = 9EA1EC3B226BE6E800AC5F88 /* Application.swift */; };
		9EA1EC3F226BFDF600AC5F88 /* MainEmptyDataSetListViewModel.swift in Sources */ = {isa = PBXBuildFile; fileRef = 9EA1EC3E226BFDF600AC5F88 /* MainEmptyDataSetListViewModel.swift */; };
		9EB35A0F226A8F8C0024FDEC /* MainEmptyDataSetListViewController.swift in Sources */ = {isa = PBXBuildFile; fileRef = 9EB35A0E226A8F8C0024FDEC /* MainEmptyDataSetListViewController.swift */; };
		9EE91FAF226A36CD0079827F /* LTView.swift in Sources */ = {isa = PBXBuildFile; fileRef = 9EE91FAE226A36CD0079827F /* LTView.swift */; };
		9EE91FB1226A36DC0079827F /* LTButton.swift in Sources */ = {isa = PBXBuildFile; fileRef = 9EE91FB0226A36DC0079827F /* LTButton.swift */; };
		9EE91FB3226A36E70079827F /* LTLabel.swift in Sources */ = {isa = PBXBuildFile; fileRef = 9EE91FB2226A36E70079827F /* LTLabel.swift */; };
		9EE91FB5226A371C0079827F /* LTTableView.swift in Sources */ = {isa = PBXBuildFile; fileRef = 9EE91FB4226A371C0079827F /* LTTableView.swift */; };
		9EE91FB7226A372B0079827F /* LTCollectionView.swift in Sources */ = {isa = PBXBuildFile; fileRef = 9EE91FB6226A372B0079827F /* LTCollectionView.swift */; };
		9EE91FB9226A37410079827F /* LTViewModel.swift in Sources */ = {isa = PBXBuildFile; fileRef = 9EE91FB8226A37410079827F /* LTViewModel.swift */; };
		9EE91FBD226A37F90079827F /* MarvelAPIClient.swift in Sources */ = {isa = PBXBuildFile; fileRef = 9EE91FBC226A37F90079827F /* MarvelAPIClient.swift */; };
		9EE91FC0226A3A040079827F /* DataContainer.swift in Sources */ = {isa = PBXBuildFile; fileRef = 9EE91FBF226A3A040079827F /* DataContainer.swift */; };
		9EE91FC2226A3A0C0079827F /* MarvelResponse.swift in Sources */ = {isa = PBXBuildFile; fileRef = 9EE91FC1226A3A0C0079827F /* MarvelResponse.swift */; };
		9EE91FC4226A3A180079827F /* MarvelError.swift in Sources */ = {isa = PBXBuildFile; fileRef = 9EE91FC3226A3A180079827F /* MarvelError.swift */; };
		9EE91FC6226A3A2E0079827F /* APIRequest.swift in Sources */ = {isa = PBXBuildFile; fileRef = 9EE91FC5226A3A2E0079827F /* APIRequest.swift */; };
		9EE91FC9226A3B920079827F /* HTTPParameter.swift in Sources */ = {isa = PBXBuildFile; fileRef = 9EE91FC8226A3B920079827F /* HTTPParameter.swift */; };
		9EE91FCB226A3B9E0079827F /* URLQueryItemEncoder.swift in Sources */ = {isa = PBXBuildFile; fileRef = 9EE91FCA226A3B9E0079827F /* URLQueryItemEncoder.swift */; };
		9EE91FCD226A3BA90079827F /* md5.swift in Sources */ = {isa = PBXBuildFile; fileRef = 9EE91FCC226A3BA90079827F /* md5.swift */; };
		9EE91FD1226A3C630079827F /* LTService.swift in Sources */ = {isa = PBXBuildFile; fileRef = 9EE91FD0226A3C630079827F /* LTService.swift */; };
		9EE91FDA226A3E5B0079827F /* Serie.swift in Sources */ = {isa = PBXBuildFile; fileRef = 9EE91FD4226A3E5B0079827F /* Serie.swift */; };
		9EE91FDB226A3E5B0079827F /* Story.swift in Sources */ = {isa = PBXBuildFile; fileRef = 9EE91FD5226A3E5B0079827F /* Story.swift */; };
		9EE91FDC226A3E5B0079827F /* Event.swift in Sources */ = {isa = PBXBuildFile; fileRef = 9EE91FD6226A3E5B0079827F /* Event.swift */; };
		9EE91FDD226A3E5B0079827F /* Comic.swift in Sources */ = {isa = PBXBuildFile; fileRef = 9EE91FD7226A3E5B0079827F /* Comic.swift */; };
		9EE91FDE226A3E5B0079827F /* Image.swift in Sources */ = {isa = PBXBuildFile; fileRef = 9EE91FD8226A3E5B0079827F /* Image.swift */; };
		9EE91FDF226A3E5B0079827F /* ComicCharacter.swift in Sources */ = {isa = PBXBuildFile; fileRef = 9EE91FD9226A3E5B0079827F /* ComicCharacter.swift */; };
		9EEA0F43226A3F8B008595CC /* MainViewController.swift in Sources */ = {isa = PBXBuildFile; fileRef = 9EEA0F42226A3F8B008595CC /* MainViewController.swift */; };
		9EEA0F45226A3F9B008595CC /* SplashViewController.swift in Sources */ = {isa = PBXBuildFile; fileRef = 9EEA0F44226A3F9B008595CC /* SplashViewController.swift */; };
		9EEA0F47226A3FB2008595CC /* MainViewModel.swift in Sources */ = {isa = PBXBuildFile; fileRef = 9EEA0F46226A3FB2008595CC /* MainViewModel.swift */; };
		9EEA0F49226A3FBD008595CC /* SplashViewModel.swift in Sources */ = {isa = PBXBuildFile; fileRef = 9EEA0F48226A3FBD008595CC /* SplashViewModel.swift */; };
		9EEA0F4D226A400B008595CC /* MainService.swift in Sources */ = {isa = PBXBuildFile; fileRef = 9EEA0F4C226A400B008595CC /* MainService.swift */; };
		9EEA0F4F226A401F008595CC /* SplashService.swift in Sources */ = {isa = PBXBuildFile; fileRef = 9EEA0F4E226A401F008595CC /* SplashService.swift */; };
		9EEA0F7D226A498A008595CC /* HeroCellViewModel.swift in Sources */ = {isa = PBXBuildFile; fileRef = 9EEA0F53226A498A008595CC /* HeroCellViewModel.swift */; };
		9EEA0F7E226A498A008595CC /* HeroListViewModel.swift in Sources */ = {isa = PBXBuildFile; fileRef = 9EEA0F54226A498A008595CC /* HeroListViewModel.swift */; };
		9EEA0F7F226A498A008595CC /* HeroSearchViewModel.swift in Sources */ = {isa = PBXBuildFile; fileRef = 9EEA0F55226A498A008595CC /* HeroSearchViewModel.swift */; };
		9EEA0F80226A498A008595CC /* HeroListConstants.swift in Sources */ = {isa = PBXBuildFile; fileRef = 9EEA0F57226A498A008595CC /* HeroListConstants.swift */; };
		9EEA0F81226A498A008595CC /* HeroListViewController.swift in Sources */ = {isa = PBXBuildFile; fileRef = 9EEA0F59226A498A008595CC /* HeroListViewController.swift */; };
		9EEA0F82226A498A008595CC /* BaseHeroViewController.swift in Sources */ = {isa = PBXBuildFile; fileRef = 9EEA0F5A226A498A008595CC /* BaseHeroViewController.swift */; };
		9EEA0F83226A498A008595CC /* HeroSearchViewController.swift in Sources */ = {isa = PBXBuildFile; fileRef = 9EEA0F5B226A498A008595CC /* HeroSearchViewController.swift */; };
		9EEA0F87226A498A008595CC /* HeroCollectionView.swift in Sources */ = {isa = PBXBuildFile; fileRef = 9EEA0F61226A498A008595CC /* HeroCollectionView.swift */; };
		9EEA0F89226A498A008595CC /* HeroCollectionViewCell.swift in Sources */ = {isa = PBXBuildFile; fileRef = 9EEA0F63226A498A008595CC /* HeroCollectionViewCell.swift */; };
		9EEA0F8A226A498A008595CC /* HeroListCollectionViewLayout.swift in Sources */ = {isa = PBXBuildFile; fileRef = 9EEA0F64226A498A008595CC /* HeroListCollectionViewLayout.swift */; };
		9EEA0F8B226A498A008595CC /* HeroSearchService.swift in Sources */ = {isa = PBXBuildFile; fileRef = 9EEA0F66226A498A008595CC /* HeroSearchService.swift */; };
		9EEA0F8C226A498A008595CC /* GetCharacters.swift in Sources */ = {isa = PBXBuildFile; fileRef = 9EEA0F67226A498A008595CC /* GetCharacters.swift */; };
		9EEA0F8D226A498A008595CC /* HeroListService.swift in Sources */ = {isa = PBXBuildFile; fileRef = 9EEA0F68226A498A008595CC /* HeroListService.swift */; };
		9EEA0F8E226A498A008595CC /* HeroStoryViewModel.swift in Sources */ = {isa = PBXBuildFile; fileRef = 9EEA0F6B226A498A008595CC /* HeroStoryViewModel.swift */; };
		9EEA0F8F226A498A008595CC /* HeroDetailViewModel.swift in Sources */ = {isa = PBXBuildFile; fileRef = 9EEA0F6C226A498A008595CC /* HeroDetailViewModel.swift */; };
		9EEA0F90226A498A008595CC /* HeroComicViewModel.swift in Sources */ = {isa = PBXBuildFile; fileRef = 9EEA0F6D226A498A008595CC /* HeroComicViewModel.swift */; };
		9EEA0F91226A498A008595CC /* HeroSerieViewModel.swift in Sources */ = {isa = PBXBuildFile; fileRef = 9EEA0F6E226A498A008595CC /* HeroSerieViewModel.swift */; };
		9EEA0F92226A498A008595CC /* HeroEventViewModel.swift in Sources */ = {isa = PBXBuildFile; fileRef = 9EEA0F6F226A498A008595CC /* HeroEventViewModel.swift */; };
		9EEA0F93226A498A008595CC /* HeroDetailConstants.swift in Sources */ = {isa = PBXBuildFile; fileRef = 9EEA0F71226A498A008595CC /* HeroDetailConstants.swift */; };
		9EEA0F94226A498A008595CC /* HeroDetailViewController.swift in Sources */ = {isa = PBXBuildFile; fileRef = 9EEA0F73226A498A008595CC /* HeroDetailViewController.swift */; };
		9EEA0F95226A498A008595CC /* GetHeroStories.swift in Sources */ = {isa = PBXBuildFile; fileRef = 9EEA0F75226A498A008595CC /* GetHeroStories.swift */; };
		9EEA0F96226A498A008595CC /* GetHeroSeries.swift in Sources */ = {isa = PBXBuildFile; fileRef = 9EEA0F76226A498A008595CC /* GetHeroSeries.swift */; };
		9EEA0F97226A498A008595CC /* GetHeroComics.swift in Sources */ = {isa = PBXBuildFile; fileRef = 9EEA0F77226A498A008595CC /* GetHeroComics.swift */; };
		9EEA0F98226A498A008595CC /* GetHeroEvents.swift in Sources */ = {isa = PBXBuildFile; fileRef = 9EEA0F78226A498A008595CC /* GetHeroEvents.swift */; };
		9EEA0F99226A498A008595CC /* HeroDetailService.swift in Sources */ = {isa = PBXBuildFile; fileRef = 9EEA0F79226A498A008595CC /* HeroDetailService.swift */; };
		9EEA0F9A226A498A008595CC /* HeroDetailView.swift in Sources */ = {isa = PBXBuildFile; fileRef = 9EEA0F7B226A498A008595CC /* HeroDetailView.swift */; };
		9EEA0F9B226A498A008595CC /* HeroDetailContainerView.swift in Sources */ = {isa = PBXBuildFile; fileRef = 9EEA0F7C226A498A008595CC /* HeroDetailContainerView.swift */; };
		9EEA0F9D226A4A51008595CC /* UIView+Constraints.swift in Sources */ = {isa = PBXBuildFile; fileRef = 9EEA0F9C226A4A51008595CC /* UIView+Constraints.swift */; };
		9EEA0FA0226A4BF6008595CC /* LTViewController.swift in Sources */ = {isa = PBXBuildFile; fileRef = 9EEA0F9F226A4BF6008595CC /* LTViewController.swift */; };
		9EEA0FA2226A4C81008595CC /* Bindable.swift in Sources */ = {isa = PBXBuildFile; fileRef = 9EEA0FA1226A4C81008595CC /* Bindable.swift */; };
		9EEA0FA4226A4D42008595CC /* LTCollectionViewCell.swift in Sources */ = {isa = PBXBuildFile; fileRef = 9EEA0FA3226A4D42008595CC /* LTCollectionViewCell.swift */; };
		9EEA0FA6226A4D56008595CC /* LTTableViewCell.swift in Sources */ = {isa = PBXBuildFile; fileRef = 9EEA0FA5226A4D56008595CC /* LTTableViewCell.swift */; };
		9EEA0FA8226A52DD008595CC /* LTImageView.swift in Sources */ = {isa = PBXBuildFile; fileRef = 9EEA0FA7226A52DD008595CC /* LTImageView.swift */; };
		9EEA0FAB226A530A008595CC /* FavoriteButton.swift in Sources */ = {isa = PBXBuildFile; fileRef = 9EEA0FAA226A530A008595CC /* FavoriteButton.swift */; };
		9EEA0FAD226A573E008595CC /* UIImageView+AsyncLoadingFromURL.swift in Sources */ = {isa = PBXBuildFile; fileRef = 9EEA0FAC226A573D008595CC /* UIImageView+AsyncLoadingFromURL.swift */; };
		9EEA0FAF226A57F1008595CC /* LTScrollView.swift in Sources */ = {isa = PBXBuildFile; fileRef = 9EEA0FAE226A57F1008595CC /* LTScrollView.swift */; };
		9EEA0FB1226A586B008595CC /* LTViewController+ActivitiyIndicator.swift in Sources */ = {isa = PBXBuildFile; fileRef = 9EEA0FB0226A586A008595CC /* LTViewController+ActivitiyIndicator.swift */; };
		9EEA0FB5226A5BB1008595CC /* LaunchScreen.storyboard in Resources */ = {isa = PBXBuildFile; fileRef = 9EEA0FB4226A5BB1008595CC /* LaunchScreen.storyboard */; };
		9EEA0FB9226A615D008595CC /* LTNavigationController.swift in Sources */ = {isa = PBXBuildFile; fileRef = 9EEA0FB8226A615D008595CC /* LTNavigationController.swift */; };
		9EEA0FBC226A63F5008595CC /* Codextended.swift in Sources */ = {isa = PBXBuildFile; fileRef = 9EEA0FBB226A63F5008595CC /* Codextended.swift */; };
		9EEA0FCB226A8988008595CC /* EmptyDataSetListViewController.swift in Sources */ = {isa = PBXBuildFile; fileRef = 9EEA0FCA226A8988008595CC /* EmptyDataSetListViewController.swift */; };
		9EEA0FCD226A8995008595CC /* EmptyDataSetListWithButtonViewController.swift in Sources */ = {isa = PBXBuildFile; fileRef = 9EEA0FCC226A8995008595CC /* EmptyDataSetListWithButtonViewController.swift */; };
		9EEA0FCF226A89A0008595CC /* EmptyDataSetListWithImageViewController.swift in Sources */ = {isa = PBXBuildFile; fileRef = 9EEA0FCE226A89A0008595CC /* EmptyDataSetListWithImageViewController.swift */; };
		9EEA0FD1226A89EB008595CC /* BaseEmptyDataSetListViewController.swift in Sources */ = {isa = PBXBuildFile; fileRef = 9EEA0FD0226A89EB008595CC /* BaseEmptyDataSetListViewController.swift */; };
		ABDE27FEA19C25945F82AB08 /* Pods_LibrariesPrototypeUITests.framework in Frameworks */ = {isa = PBXBuildFile; fileRef = 6CFAA968927402D631B262A8 /* Pods_LibrariesPrototypeUITests.framework */; };
		B60255D222711806005D31B8 /* LTGradientBarButton.swift in Sources */ = {isa = PBXBuildFile; fileRef = B60255D122711806005D31B8 /* LTGradientBarButton.swift */; };
		B60255D42271FBAE005D31B8 /* LTGradientLoadingBarViewController.swift in Sources */ = {isa = PBXBuildFile; fileRef = B60255D32271FBAE005D31B8 /* LTGradientLoadingBarViewController.swift */; };
		B6253E36227F818D00342A94 /* UIImageView+AlamofireImage.swift in Sources */ = {isa = PBXBuildFile; fileRef = B6253E35227F818D00342A94 /* UIImageView+AlamofireImage.swift */; };
		B65865062272033D00773E35 /* GradientLoadingBarConstants.swift in Sources */ = {isa = PBXBuildFile; fileRef = B65865052272033D00773E35 /* GradientLoadingBarConstants.swift */; };
		B6586508227221C300773E35 /* AppDelegateHelper.swift in Sources */ = {isa = PBXBuildFile; fileRef = B6586507227221C300773E35 /* AppDelegateHelper.swift */; };
		B658650A2272223C00773E35 /* EnvironmentInfoHelper.swift in Sources */ = {isa = PBXBuildFile; fileRef = B65865092272223C00773E35 /* EnvironmentInfoHelper.swift */; };
		B658650C227222A200773E35 /* EnvironmentInfoConstants.swift in Sources */ = {isa = PBXBuildFile; fileRef = B658650B227222A200773E35 /* EnvironmentInfoConstants.swift */; };
		B68EE6B4227605AC00749D62 /* MainStretchyHeaderViewController.swift in Sources */ = {isa = PBXBuildFile; fileRef = B68EE6B3227605AC00749D62 /* MainStretchyHeaderViewController.swift */; };
		B68EE6BB22760B3E00749D62 /* StretchyHeaderView.swift in Sources */ = {isa = PBXBuildFile; fileRef = B68EE6BA22760B3E00749D62 /* StretchyHeaderView.swift */; };
		B68EE6BD227615B600749D62 /* StretchyHeaderLayout.swift in Sources */ = {isa = PBXBuildFile; fileRef = B68EE6BC227615B600749D62 /* StretchyHeaderLayout.swift */; };
		B68EE6BF227640DC00749D62 /* LTCollectionReusableView.swift in Sources */ = {isa = PBXBuildFile; fileRef = B68EE6BE227640DC00749D62 /* LTCollectionReusableView.swift */; };
		B68EE6C22276410600749D62 /* LTViewPropertyAnimator.swift in Sources */ = {isa = PBXBuildFile; fileRef = B68EE6C12276410600749D62 /* LTViewPropertyAnimator.swift */; };
		B6E319F82276416000AD34F6 /* LTHeavyLabel.swift in Sources */ = {isa = PBXBuildFile; fileRef = B6E319F72276416000AD34F6 /* LTHeavyLabel.swift */; };
		B6E319FA2276416E00AD34F6 /* LTLightLabel.swift in Sources */ = {isa = PBXBuildFile; fileRef = B6E319F92276416E00AD34F6 /* LTLightLabel.swift */; };
		F22E94A131A902D1727629A8 /* Pods_LibrariesPrototype.framework in Frameworks */ = {isa = PBXBuildFile; fileRef = C0F2A9BBB640BE5DCB529C15 /* Pods_LibrariesPrototype.framework */; };
		FB3271EA226F662900B94AE6 /* GradientLoadingMainViewController.swift in Sources */ = {isa = PBXBuildFile; fileRef = FB3271E9226F662900B94AE6 /* GradientLoadingMainViewController.swift */; };
		FB3271EC226F663500B94AE6 /* GradientLoadingMainViewModel.swift in Sources */ = {isa = PBXBuildFile; fileRef = FB3271EB226F663500B94AE6 /* GradientLoadingMainViewModel.swift */; };
		FB3271EE226F693C00B94AE6 /* GradientLoadingButtonViewModel.swift in Sources */ = {isa = PBXBuildFile; fileRef = FB3271ED226F693C00B94AE6 /* GradientLoadingButtonViewModel.swift */; };
		FB3271F0226F694B00B94AE6 /* GradientLoadingStatusBarViewModel.swift in Sources */ = {isa = PBXBuildFile; fileRef = FB3271EF226F694B00B94AE6 /* GradientLoadingStatusBarViewModel.swift */; };
		FB3271F2226F695600B94AE6 /* GradientLoadingStatusBarWithSafeAreaViewModel.swift in Sources */ = {isa = PBXBuildFile; fileRef = FB3271F1226F695600B94AE6 /* GradientLoadingStatusBarWithSafeAreaViewModel.swift */; };
		FB3271F4226F696600B94AE6 /* GradientLoadingStatusBarWithSafeAreaViewController.swift in Sources */ = {isa = PBXBuildFile; fileRef = FB3271F3226F696600B94AE6 /* GradientLoadingStatusBarWithSafeAreaViewController.swift */; };
		FB3271F6226F697500B94AE6 /* GradientLoadingStatusBarViewController.swift in Sources */ = {isa = PBXBuildFile; fileRef = FB3271F5226F697500B94AE6 /* GradientLoadingStatusBarViewController.swift */; };
		FB3271F8226F697F00B94AE6 /* GradientLoadingButtonViewController.swift in Sources */ = {isa = PBXBuildFile; fileRef = FB3271F7226F697F00B94AE6 /* GradientLoadingButtonViewController.swift */; };
		FBAD4758226F7B4E00DFE2A2 /* LTViewController+GradientLoadingBar.swift in Sources */ = {isa = PBXBuildFile; fileRef = FBAD4757226F7B4E00DFE2A2 /* LTViewController+GradientLoadingBar.swift */; };
/* End PBXBuildFile section */

/* Begin PBXContainerItemProxy section */
		9E94B3EE2030BEC000B8BA18 /* PBXContainerItemProxy */ = {
			isa = PBXContainerItemProxy;
			containerPortal = 9E94B3D12030BEC000B8BA18 /* Project object */;
			proxyType = 1;
			remoteGlobalIDString = 9E94B3D82030BEC000B8BA18;
			remoteInfo = LibrariesPrototype;
		};
		9E94B3F92030BEC000B8BA18 /* PBXContainerItemProxy */ = {
			isa = PBXContainerItemProxy;
			containerPortal = 9E94B3D12030BEC000B8BA18 /* Project object */;
			proxyType = 1;
			remoteGlobalIDString = 9E94B3D82030BEC000B8BA18;
			remoteInfo = LibrariesPrototype;
		};
/* End PBXContainerItemProxy section */

/* Begin PBXFileReference section */
		1767AD9BE0E14BBDBFA132F2 /* Pods-LibrariesPrototypeUITests.release.xcconfig */ = {isa = PBXFileReference; includeInIndex = 1; lastKnownFileType = text.xcconfig; name = "Pods-LibrariesPrototypeUITests.release.xcconfig"; path = "Pods/Target Support Files/Pods-LibrariesPrototypeUITests/Pods-LibrariesPrototypeUITests.release.xcconfig"; sourceTree = "<group>"; };
		2C0A85CE7564EA861DE44C07 /* Pods_LibrariesPrototypeTests.framework */ = {isa = PBXFileReference; explicitFileType = wrapper.framework; includeInIndex = 0; path = Pods_LibrariesPrototypeTests.framework; sourceTree = BUILT_PRODUCTS_DIR; };
		32FFCE63D7B019D3EAD96C73 /* Pods-LibrariesPrototypeUITests.debug.xcconfig */ = {isa = PBXFileReference; includeInIndex = 1; lastKnownFileType = text.xcconfig; name = "Pods-LibrariesPrototypeUITests.debug.xcconfig"; path = "Pods/Target Support Files/Pods-LibrariesPrototypeUITests/Pods-LibrariesPrototypeUITests.debug.xcconfig"; sourceTree = "<group>"; };
		6CFAA968927402D631B262A8 /* Pods_LibrariesPrototypeUITests.framework */ = {isa = PBXFileReference; explicitFileType = wrapper.framework; includeInIndex = 0; path = Pods_LibrariesPrototypeUITests.framework; sourceTree = BUILT_PRODUCTS_DIR; };
		9BEA3E3759B09962CA71FCB7 /* Pods-LibrariesPrototype.release.xcconfig */ = {isa = PBXFileReference; includeInIndex = 1; lastKnownFileType = text.xcconfig; name = "Pods-LibrariesPrototype.release.xcconfig"; path = "Pods/Target Support Files/Pods-LibrariesPrototype/Pods-LibrariesPrototype.release.xcconfig"; sourceTree = "<group>"; };
		9E28B3B21F6C7D640CFA7D7F /* Pods-LibrariesPrototype.debug.xcconfig */ = {isa = PBXFileReference; includeInIndex = 1; lastKnownFileType = text.xcconfig; name = "Pods-LibrariesPrototype.debug.xcconfig"; path = "Pods/Target Support Files/Pods-LibrariesPrototype/Pods-LibrariesPrototype.debug.xcconfig"; sourceTree = "<group>"; };
		9E62CD3B226C81560078AAC6 /* RepositoryCollectionViewCell.swift */ = {isa = PBXFileReference; fileEncoding = 4; lastKnownFileType = sourcecode.swift; path = RepositoryCollectionViewCell.swift; sourceTree = "<group>"; };
		9E62CD3C226C81560078AAC6 /* ReposService.swift */ = {isa = PBXFileReference; fileEncoding = 4; lastKnownFileType = sourcecode.swift; path = ReposService.swift; sourceTree = "<group>"; };
		9E62CD3D226C81560078AAC6 /* ReposViewController.swift */ = {isa = PBXFileReference; fileEncoding = 4; lastKnownFileType = sourcecode.swift; path = ReposViewController.swift; sourceTree = "<group>"; };
		9E62CD3E226C81560078AAC6 /* RepositoryViewModel.swift */ = {isa = PBXFileReference; fileEncoding = 4; lastKnownFileType = sourcecode.swift; path = RepositoryViewModel.swift; sourceTree = "<group>"; };
		9E62CD3F226C81560078AAC6 /* ReposViewModel.swift */ = {isa = PBXFileReference; fileEncoding = 4; lastKnownFileType = sourcecode.swift; path = ReposViewModel.swift; sourceTree = "<group>"; };
		9E62CD46226C8E3F0078AAC6 /* Repository.swift */ = {isa = PBXFileReference; fileEncoding = 4; lastKnownFileType = sourcecode.swift; path = Repository.swift; sourceTree = "<group>"; };
		9E62CD47226C8E3F0078AAC6 /* Owner.swift */ = {isa = PBXFileReference; fileEncoding = 4; lastKnownFileType = sourcecode.swift; path = Owner.swift; sourceTree = "<group>"; };
		9E62CD4F226C904F0078AAC6 /* AlamofireHTTPClient.swift */ = {isa = PBXFileReference; fileEncoding = 4; lastKnownFileType = sourcecode.swift; path = AlamofireHTTPClient.swift; sourceTree = "<group>"; };
		9E62CD50226C904F0078AAC6 /* Endpoint.swift */ = {isa = PBXFileReference; fileEncoding = 4; lastKnownFileType = sourcecode.swift; path = Endpoint.swift; sourceTree = "<group>"; };
		9E62CD55226C907A0078AAC6 /* GithubAPI.swift */ = {isa = PBXFileReference; lastKnownFileType = sourcecode.swift; path = GithubAPI.swift; sourceTree = "<group>"; };
		9E62CD57226C911A0078AAC6 /* LTRXViewModel.swift */ = {isa = PBXFileReference; lastKnownFileType = sourcecode.swift; path = LTRXViewModel.swift; sourceTree = "<group>"; };
		9E62CD59226C91BD0078AAC6 /* LTRXViewController.swift */ = {isa = PBXFileReference; lastKnownFileType = sourcecode.swift; path = LTRXViewController.swift; sourceTree = "<group>"; };
		9E62CD5B226C92CE0078AAC6 /* LTCollectionViewFlowLayout.swift */ = {isa = PBXFileReference; lastKnownFileType = sourcecode.swift; path = LTCollectionViewFlowLayout.swift; sourceTree = "<group>"; };
		9E94B3D92030BEC000B8BA18 /* LibrariesPrototype.app */ = {isa = PBXFileReference; explicitFileType = wrapper.application; includeInIndex = 0; path = LibrariesPrototype.app; sourceTree = BUILT_PRODUCTS_DIR; };
		9E94B3DC2030BEC000B8BA18 /* AppDelegate.swift */ = {isa = PBXFileReference; lastKnownFileType = sourcecode.swift; path = AppDelegate.swift; sourceTree = "<group>"; };
		9E94B3E32030BEC000B8BA18 /* Assets.xcassets */ = {isa = PBXFileReference; lastKnownFileType = folder.assetcatalog; path = Assets.xcassets; sourceTree = "<group>"; };
		9E94B3E82030BEC000B8BA18 /* Info.plist */ = {isa = PBXFileReference; lastKnownFileType = text.plist.xml; path = Info.plist; sourceTree = "<group>"; };
		9E94B3ED2030BEC000B8BA18 /* LibrariesPrototypeTests.xctest */ = {isa = PBXFileReference; explicitFileType = wrapper.cfbundle; includeInIndex = 0; path = LibrariesPrototypeTests.xctest; sourceTree = BUILT_PRODUCTS_DIR; };
		9E94B3F12030BEC000B8BA18 /* LibrariesPrototypeTests.swift */ = {isa = PBXFileReference; lastKnownFileType = sourcecode.swift; path = LibrariesPrototypeTests.swift; sourceTree = "<group>"; };
		9E94B3F32030BEC000B8BA18 /* Info.plist */ = {isa = PBXFileReference; lastKnownFileType = text.plist.xml; path = Info.plist; sourceTree = "<group>"; };
		9E94B3F82030BEC000B8BA18 /* LibrariesPrototypeUITests.xctest */ = {isa = PBXFileReference; explicitFileType = wrapper.cfbundle; includeInIndex = 0; path = LibrariesPrototypeUITests.xctest; sourceTree = BUILT_PRODUCTS_DIR; };
		9E94B3FC2030BEC000B8BA18 /* LibrariesPrototypeUITests.swift */ = {isa = PBXFileReference; lastKnownFileType = sourcecode.swift; path = LibrariesPrototypeUITests.swift; sourceTree = "<group>"; };
		9E94B3FE2030BEC000B8BA18 /* Info.plist */ = {isa = PBXFileReference; lastKnownFileType = text.plist.xml; path = Info.plist; sourceTree = "<group>"; };
		9E94B58A2030DCAB00B8BA18 /* Development.xcconfig */ = {isa = PBXFileReference; lastKnownFileType = text.xcconfig; path = Development.xcconfig; sourceTree = "<group>"; };
		9E94B58B2030DCB900B8BA18 /* Test.xcconfig */ = {isa = PBXFileReference; lastKnownFileType = text.xcconfig; path = Test.xcconfig; sourceTree = "<group>"; };
		9E94B58C2030DCD300B8BA18 /* Production.xcconfig */ = {isa = PBXFileReference; lastKnownFileType = text.xcconfig; path = Production.xcconfig; sourceTree = "<group>"; };
		9EA1EC37226BE5A100AC5F88 /* Navigation.swift */ = {isa = PBXFileReference; lastKnownFileType = sourcecode.swift; path = Navigation.swift; sourceTree = "<group>"; };
		9EA1EC39226BE60000AC5F88 /* LTWindow.swift */ = {isa = PBXFileReference; lastKnownFileType = sourcecode.swift; path = LTWindow.swift; sourceTree = "<group>"; };
		9EA1EC3B226BE6E800AC5F88 /* Application.swift */ = {isa = PBXFileReference; lastKnownFileType = sourcecode.swift; path = Application.swift; sourceTree = "<group>"; };
		9EA1EC3E226BFDF600AC5F88 /* MainEmptyDataSetListViewModel.swift */ = {isa = PBXFileReference; lastKnownFileType = sourcecode.swift; path = MainEmptyDataSetListViewModel.swift; sourceTree = "<group>"; };
		9EB35A0E226A8F8C0024FDEC /* MainEmptyDataSetListViewController.swift */ = {isa = PBXFileReference; lastKnownFileType = sourcecode.swift; path = MainEmptyDataSetListViewController.swift; sourceTree = "<group>"; };
		9EE91FAE226A36CD0079827F /* LTView.swift */ = {isa = PBXFileReference; lastKnownFileType = sourcecode.swift; path = LTView.swift; sourceTree = "<group>"; };
		9EE91FB0226A36DC0079827F /* LTButton.swift */ = {isa = PBXFileReference; lastKnownFileType = sourcecode.swift; path = LTButton.swift; sourceTree = "<group>"; };
		9EE91FB2226A36E70079827F /* LTLabel.swift */ = {isa = PBXFileReference; lastKnownFileType = sourcecode.swift; path = LTLabel.swift; sourceTree = "<group>"; };
		9EE91FB4226A371C0079827F /* LTTableView.swift */ = {isa = PBXFileReference; lastKnownFileType = sourcecode.swift; path = LTTableView.swift; sourceTree = "<group>"; };
		9EE91FB6226A372B0079827F /* LTCollectionView.swift */ = {isa = PBXFileReference; lastKnownFileType = sourcecode.swift; path = LTCollectionView.swift; sourceTree = "<group>"; };
		9EE91FB8226A37410079827F /* LTViewModel.swift */ = {isa = PBXFileReference; lastKnownFileType = sourcecode.swift; path = LTViewModel.swift; sourceTree = "<group>"; };
		9EE91FBC226A37F90079827F /* MarvelAPIClient.swift */ = {isa = PBXFileReference; lastKnownFileType = sourcecode.swift; path = MarvelAPIClient.swift; sourceTree = "<group>"; };
		9EE91FBF226A3A040079827F /* DataContainer.swift */ = {isa = PBXFileReference; lastKnownFileType = sourcecode.swift; path = DataContainer.swift; sourceTree = "<group>"; };
		9EE91FC1226A3A0C0079827F /* MarvelResponse.swift */ = {isa = PBXFileReference; lastKnownFileType = sourcecode.swift; path = MarvelResponse.swift; sourceTree = "<group>"; };
		9EE91FC3226A3A180079827F /* MarvelError.swift */ = {isa = PBXFileReference; lastKnownFileType = sourcecode.swift; path = MarvelError.swift; sourceTree = "<group>"; };
		9EE91FC5226A3A2E0079827F /* APIRequest.swift */ = {isa = PBXFileReference; lastKnownFileType = sourcecode.swift; path = APIRequest.swift; sourceTree = "<group>"; };
		9EE91FC8226A3B920079827F /* HTTPParameter.swift */ = {isa = PBXFileReference; lastKnownFileType = sourcecode.swift; path = HTTPParameter.swift; sourceTree = "<group>"; };
		9EE91FCA226A3B9E0079827F /* URLQueryItemEncoder.swift */ = {isa = PBXFileReference; lastKnownFileType = sourcecode.swift; path = URLQueryItemEncoder.swift; sourceTree = "<group>"; };
		9EE91FCC226A3BA90079827F /* md5.swift */ = {isa = PBXFileReference; lastKnownFileType = sourcecode.swift; path = md5.swift; sourceTree = "<group>"; };
		9EE91FD0226A3C630079827F /* LTService.swift */ = {isa = PBXFileReference; lastKnownFileType = sourcecode.swift; path = LTService.swift; sourceTree = "<group>"; };
		9EE91FD4226A3E5B0079827F /* Serie.swift */ = {isa = PBXFileReference; fileEncoding = 4; lastKnownFileType = sourcecode.swift; path = Serie.swift; sourceTree = "<group>"; };
		9EE91FD5226A3E5B0079827F /* Story.swift */ = {isa = PBXFileReference; fileEncoding = 4; lastKnownFileType = sourcecode.swift; path = Story.swift; sourceTree = "<group>"; };
		9EE91FD6226A3E5B0079827F /* Event.swift */ = {isa = PBXFileReference; fileEncoding = 4; lastKnownFileType = sourcecode.swift; path = Event.swift; sourceTree = "<group>"; };
		9EE91FD7226A3E5B0079827F /* Comic.swift */ = {isa = PBXFileReference; fileEncoding = 4; lastKnownFileType = sourcecode.swift; path = Comic.swift; sourceTree = "<group>"; };
		9EE91FD8226A3E5B0079827F /* Image.swift */ = {isa = PBXFileReference; fileEncoding = 4; lastKnownFileType = sourcecode.swift; path = Image.swift; sourceTree = "<group>"; };
		9EE91FD9226A3E5B0079827F /* ComicCharacter.swift */ = {isa = PBXFileReference; fileEncoding = 4; lastKnownFileType = sourcecode.swift; path = ComicCharacter.swift; sourceTree = "<group>"; };
		9EEA0F42226A3F8B008595CC /* MainViewController.swift */ = {isa = PBXFileReference; lastKnownFileType = sourcecode.swift; path = MainViewController.swift; sourceTree = "<group>"; };
		9EEA0F44226A3F9B008595CC /* SplashViewController.swift */ = {isa = PBXFileReference; lastKnownFileType = sourcecode.swift; path = SplashViewController.swift; sourceTree = "<group>"; };
		9EEA0F46226A3FB2008595CC /* MainViewModel.swift */ = {isa = PBXFileReference; lastKnownFileType = sourcecode.swift; path = MainViewModel.swift; sourceTree = "<group>"; };
		9EEA0F48226A3FBD008595CC /* SplashViewModel.swift */ = {isa = PBXFileReference; lastKnownFileType = sourcecode.swift; path = SplashViewModel.swift; sourceTree = "<group>"; };
		9EEA0F4C226A400B008595CC /* MainService.swift */ = {isa = PBXFileReference; lastKnownFileType = sourcecode.swift; path = MainService.swift; sourceTree = "<group>"; };
		9EEA0F4E226A401F008595CC /* SplashService.swift */ = {isa = PBXFileReference; lastKnownFileType = sourcecode.swift; path = SplashService.swift; sourceTree = "<group>"; };
		9EEA0F53226A498A008595CC /* HeroCellViewModel.swift */ = {isa = PBXFileReference; fileEncoding = 4; lastKnownFileType = sourcecode.swift; path = HeroCellViewModel.swift; sourceTree = "<group>"; };
		9EEA0F54226A498A008595CC /* HeroListViewModel.swift */ = {isa = PBXFileReference; fileEncoding = 4; lastKnownFileType = sourcecode.swift; path = HeroListViewModel.swift; sourceTree = "<group>"; };
		9EEA0F55226A498A008595CC /* HeroSearchViewModel.swift */ = {isa = PBXFileReference; fileEncoding = 4; lastKnownFileType = sourcecode.swift; path = HeroSearchViewModel.swift; sourceTree = "<group>"; };
		9EEA0F57226A498A008595CC /* HeroListConstants.swift */ = {isa = PBXFileReference; fileEncoding = 4; lastKnownFileType = sourcecode.swift; path = HeroListConstants.swift; sourceTree = "<group>"; };
		9EEA0F59226A498A008595CC /* HeroListViewController.swift */ = {isa = PBXFileReference; fileEncoding = 4; lastKnownFileType = sourcecode.swift; path = HeroListViewController.swift; sourceTree = "<group>"; };
		9EEA0F5A226A498A008595CC /* BaseHeroViewController.swift */ = {isa = PBXFileReference; fileEncoding = 4; lastKnownFileType = sourcecode.swift; path = BaseHeroViewController.swift; sourceTree = "<group>"; };
		9EEA0F5B226A498A008595CC /* HeroSearchViewController.swift */ = {isa = PBXFileReference; fileEncoding = 4; lastKnownFileType = sourcecode.swift; path = HeroSearchViewController.swift; sourceTree = "<group>"; };
		9EEA0F61226A498A008595CC /* HeroCollectionView.swift */ = {isa = PBXFileReference; fileEncoding = 4; lastKnownFileType = sourcecode.swift; path = HeroCollectionView.swift; sourceTree = "<group>"; };
		9EEA0F63226A498A008595CC /* HeroCollectionViewCell.swift */ = {isa = PBXFileReference; fileEncoding = 4; lastKnownFileType = sourcecode.swift; path = HeroCollectionViewCell.swift; sourceTree = "<group>"; };
		9EEA0F64226A498A008595CC /* HeroListCollectionViewLayout.swift */ = {isa = PBXFileReference; fileEncoding = 4; lastKnownFileType = sourcecode.swift; path = HeroListCollectionViewLayout.swift; sourceTree = "<group>"; };
		9EEA0F66226A498A008595CC /* HeroSearchService.swift */ = {isa = PBXFileReference; fileEncoding = 4; lastKnownFileType = sourcecode.swift; path = HeroSearchService.swift; sourceTree = "<group>"; };
		9EEA0F67226A498A008595CC /* GetCharacters.swift */ = {isa = PBXFileReference; fileEncoding = 4; lastKnownFileType = sourcecode.swift; path = GetCharacters.swift; sourceTree = "<group>"; };
		9EEA0F68226A498A008595CC /* HeroListService.swift */ = {isa = PBXFileReference; fileEncoding = 4; lastKnownFileType = sourcecode.swift; path = HeroListService.swift; sourceTree = "<group>"; };
		9EEA0F6B226A498A008595CC /* HeroStoryViewModel.swift */ = {isa = PBXFileReference; fileEncoding = 4; lastKnownFileType = sourcecode.swift; path = HeroStoryViewModel.swift; sourceTree = "<group>"; };
		9EEA0F6C226A498A008595CC /* HeroDetailViewModel.swift */ = {isa = PBXFileReference; fileEncoding = 4; lastKnownFileType = sourcecode.swift; path = HeroDetailViewModel.swift; sourceTree = "<group>"; };
		9EEA0F6D226A498A008595CC /* HeroComicViewModel.swift */ = {isa = PBXFileReference; fileEncoding = 4; lastKnownFileType = sourcecode.swift; path = HeroComicViewModel.swift; sourceTree = "<group>"; };
		9EEA0F6E226A498A008595CC /* HeroSerieViewModel.swift */ = {isa = PBXFileReference; fileEncoding = 4; lastKnownFileType = sourcecode.swift; path = HeroSerieViewModel.swift; sourceTree = "<group>"; };
		9EEA0F6F226A498A008595CC /* HeroEventViewModel.swift */ = {isa = PBXFileReference; fileEncoding = 4; lastKnownFileType = sourcecode.swift; path = HeroEventViewModel.swift; sourceTree = "<group>"; };
		9EEA0F71226A498A008595CC /* HeroDetailConstants.swift */ = {isa = PBXFileReference; fileEncoding = 4; lastKnownFileType = sourcecode.swift; path = HeroDetailConstants.swift; sourceTree = "<group>"; };
		9EEA0F73226A498A008595CC /* HeroDetailViewController.swift */ = {isa = PBXFileReference; fileEncoding = 4; lastKnownFileType = sourcecode.swift; path = HeroDetailViewController.swift; sourceTree = "<group>"; };
		9EEA0F75226A498A008595CC /* GetHeroStories.swift */ = {isa = PBXFileReference; fileEncoding = 4; lastKnownFileType = sourcecode.swift; path = GetHeroStories.swift; sourceTree = "<group>"; };
		9EEA0F76226A498A008595CC /* GetHeroSeries.swift */ = {isa = PBXFileReference; fileEncoding = 4; lastKnownFileType = sourcecode.swift; path = GetHeroSeries.swift; sourceTree = "<group>"; };
		9EEA0F77226A498A008595CC /* GetHeroComics.swift */ = {isa = PBXFileReference; fileEncoding = 4; lastKnownFileType = sourcecode.swift; path = GetHeroComics.swift; sourceTree = "<group>"; };
		9EEA0F78226A498A008595CC /* GetHeroEvents.swift */ = {isa = PBXFileReference; fileEncoding = 4; lastKnownFileType = sourcecode.swift; path = GetHeroEvents.swift; sourceTree = "<group>"; };
		9EEA0F79226A498A008595CC /* HeroDetailService.swift */ = {isa = PBXFileReference; fileEncoding = 4; lastKnownFileType = sourcecode.swift; path = HeroDetailService.swift; sourceTree = "<group>"; };
		9EEA0F7B226A498A008595CC /* HeroDetailView.swift */ = {isa = PBXFileReference; fileEncoding = 4; lastKnownFileType = sourcecode.swift; path = HeroDetailView.swift; sourceTree = "<group>"; };
		9EEA0F7C226A498A008595CC /* HeroDetailContainerView.swift */ = {isa = PBXFileReference; fileEncoding = 4; lastKnownFileType = sourcecode.swift; path = HeroDetailContainerView.swift; sourceTree = "<group>"; };
		9EEA0F9C226A4A51008595CC /* UIView+Constraints.swift */ = {isa = PBXFileReference; fileEncoding = 4; lastKnownFileType = sourcecode.swift; path = "UIView+Constraints.swift"; sourceTree = "<group>"; };
		9EEA0F9F226A4BF6008595CC /* LTViewController.swift */ = {isa = PBXFileReference; lastKnownFileType = sourcecode.swift; path = LTViewController.swift; sourceTree = "<group>"; };
		9EEA0FA1226A4C81008595CC /* Bindable.swift */ = {isa = PBXFileReference; fileEncoding = 4; lastKnownFileType = sourcecode.swift; path = Bindable.swift; sourceTree = "<group>"; };
		9EEA0FA3226A4D42008595CC /* LTCollectionViewCell.swift */ = {isa = PBXFileReference; lastKnownFileType = sourcecode.swift; path = LTCollectionViewCell.swift; sourceTree = "<group>"; };
		9EEA0FA5226A4D56008595CC /* LTTableViewCell.swift */ = {isa = PBXFileReference; lastKnownFileType = sourcecode.swift; path = LTTableViewCell.swift; sourceTree = "<group>"; };
		9EEA0FA7226A52DD008595CC /* LTImageView.swift */ = {isa = PBXFileReference; lastKnownFileType = sourcecode.swift; path = LTImageView.swift; sourceTree = "<group>"; };
		9EEA0FAA226A530A008595CC /* FavoriteButton.swift */ = {isa = PBXFileReference; fileEncoding = 4; lastKnownFileType = sourcecode.swift; path = FavoriteButton.swift; sourceTree = "<group>"; };
		9EEA0FAC226A573D008595CC /* UIImageView+AsyncLoadingFromURL.swift */ = {isa = PBXFileReference; fileEncoding = 4; lastKnownFileType = sourcecode.swift; path = "UIImageView+AsyncLoadingFromURL.swift"; sourceTree = "<group>"; };
		9EEA0FAE226A57F1008595CC /* LTScrollView.swift */ = {isa = PBXFileReference; lastKnownFileType = sourcecode.swift; path = LTScrollView.swift; sourceTree = "<group>"; };
		9EEA0FB0226A586A008595CC /* LTViewController+ActivitiyIndicator.swift */ = {isa = PBXFileReference; fileEncoding = 4; lastKnownFileType = sourcecode.swift; path = "LTViewController+ActivitiyIndicator.swift"; sourceTree = "<group>"; };
		9EEA0FB4226A5BB1008595CC /* LaunchScreen.storyboard */ = {isa = PBXFileReference; lastKnownFileType = file.storyboard; path = LaunchScreen.storyboard; sourceTree = "<group>"; };
		9EEA0FB8226A615D008595CC /* LTNavigationController.swift */ = {isa = PBXFileReference; lastKnownFileType = sourcecode.swift; path = LTNavigationController.swift; sourceTree = "<group>"; };
		9EEA0FBB226A63F5008595CC /* Codextended.swift */ = {isa = PBXFileReference; fileEncoding = 4; lastKnownFileType = sourcecode.swift; path = Codextended.swift; sourceTree = "<group>"; };
		9EEA0FCA226A8988008595CC /* EmptyDataSetListViewController.swift */ = {isa = PBXFileReference; lastKnownFileType = sourcecode.swift; path = EmptyDataSetListViewController.swift; sourceTree = "<group>"; };
		9EEA0FCC226A8995008595CC /* EmptyDataSetListWithButtonViewController.swift */ = {isa = PBXFileReference; lastKnownFileType = sourcecode.swift; path = EmptyDataSetListWithButtonViewController.swift; sourceTree = "<group>"; };
		9EEA0FCE226A89A0008595CC /* EmptyDataSetListWithImageViewController.swift */ = {isa = PBXFileReference; lastKnownFileType = sourcecode.swift; path = EmptyDataSetListWithImageViewController.swift; sourceTree = "<group>"; };
		9EEA0FD0226A89EB008595CC /* BaseEmptyDataSetListViewController.swift */ = {isa = PBXFileReference; lastKnownFileType = sourcecode.swift; path = BaseEmptyDataSetListViewController.swift; sourceTree = "<group>"; };
		A641A8D8E78C9E8B21CB0487 /* Pods-LibrariesPrototypeTests.debug.xcconfig */ = {isa = PBXFileReference; includeInIndex = 1; lastKnownFileType = text.xcconfig; name = "Pods-LibrariesPrototypeTests.debug.xcconfig"; path = "Pods/Target Support Files/Pods-LibrariesPrototypeTests/Pods-LibrariesPrototypeTests.debug.xcconfig"; sourceTree = "<group>"; };
		B60255D122711806005D31B8 /* LTGradientBarButton.swift */ = {isa = PBXFileReference; lastKnownFileType = sourcecode.swift; path = LTGradientBarButton.swift; sourceTree = "<group>"; };
		B60255D32271FBAE005D31B8 /* LTGradientLoadingBarViewController.swift */ = {isa = PBXFileReference; lastKnownFileType = sourcecode.swift; path = LTGradientLoadingBarViewController.swift; sourceTree = "<group>"; };
		B6253E35227F818D00342A94 /* UIImageView+AlamofireImage.swift */ = {isa = PBXFileReference; lastKnownFileType = sourcecode.swift; path = "UIImageView+AlamofireImage.swift"; sourceTree = "<group>"; };
		B65865052272033D00773E35 /* GradientLoadingBarConstants.swift */ = {isa = PBXFileReference; lastKnownFileType = sourcecode.swift; path = GradientLoadingBarConstants.swift; sourceTree = "<group>"; };
		B6586507227221C300773E35 /* AppDelegateHelper.swift */ = {isa = PBXFileReference; lastKnownFileType = sourcecode.swift; path = AppDelegateHelper.swift; sourceTree = "<group>"; };
		B65865092272223C00773E35 /* EnvironmentInfoHelper.swift */ = {isa = PBXFileReference; lastKnownFileType = sourcecode.swift; path = EnvironmentInfoHelper.swift; sourceTree = "<group>"; };
		B658650B227222A200773E35 /* EnvironmentInfoConstants.swift */ = {isa = PBXFileReference; lastKnownFileType = sourcecode.swift; name = EnvironmentInfoConstants.swift; path = LibrariesPrototype/Common/Helpers/EnvironmentInfoConstants.swift; sourceTree = SOURCE_ROOT; };
		B68EE6B3227605AC00749D62 /* MainStretchyHeaderViewController.swift */ = {isa = PBXFileReference; lastKnownFileType = sourcecode.swift; path = MainStretchyHeaderViewController.swift; sourceTree = "<group>"; };
		B68EE6BA22760B3E00749D62 /* StretchyHeaderView.swift */ = {isa = PBXFileReference; lastKnownFileType = sourcecode.swift; path = StretchyHeaderView.swift; sourceTree = "<group>"; };
		B68EE6BC227615B600749D62 /* StretchyHeaderLayout.swift */ = {isa = PBXFileReference; lastKnownFileType = sourcecode.swift; path = StretchyHeaderLayout.swift; sourceTree = "<group>"; };
		B68EE6BE227640DC00749D62 /* LTCollectionReusableView.swift */ = {isa = PBXFileReference; lastKnownFileType = sourcecode.swift; path = LTCollectionReusableView.swift; sourceTree = "<group>"; };
		B68EE6C12276410600749D62 /* LTViewPropertyAnimator.swift */ = {isa = PBXFileReference; lastKnownFileType = sourcecode.swift; path = LTViewPropertyAnimator.swift; sourceTree = "<group>"; };
		B6E319F72276416000AD34F6 /* LTHeavyLabel.swift */ = {isa = PBXFileReference; lastKnownFileType = sourcecode.swift; path = LTHeavyLabel.swift; sourceTree = "<group>"; };
		B6E319F92276416E00AD34F6 /* LTLightLabel.swift */ = {isa = PBXFileReference; lastKnownFileType = sourcecode.swift; path = LTLightLabel.swift; sourceTree = "<group>"; };
		C0F2A9BBB640BE5DCB529C15 /* Pods_LibrariesPrototype.framework */ = {isa = PBXFileReference; explicitFileType = wrapper.framework; includeInIndex = 0; path = Pods_LibrariesPrototype.framework; sourceTree = BUILT_PRODUCTS_DIR; };
		D0101268CB92B19951DB637D /* Pods-LibrariesPrototypeTests.release.xcconfig */ = {isa = PBXFileReference; includeInIndex = 1; lastKnownFileType = text.xcconfig; name = "Pods-LibrariesPrototypeTests.release.xcconfig"; path = "Pods/Target Support Files/Pods-LibrariesPrototypeTests/Pods-LibrariesPrototypeTests.release.xcconfig"; sourceTree = "<group>"; };
		FB3271E9226F662900B94AE6 /* GradientLoadingMainViewController.swift */ = {isa = PBXFileReference; lastKnownFileType = sourcecode.swift; path = GradientLoadingMainViewController.swift; sourceTree = "<group>"; };
		FB3271EB226F663500B94AE6 /* GradientLoadingMainViewModel.swift */ = {isa = PBXFileReference; lastKnownFileType = sourcecode.swift; path = GradientLoadingMainViewModel.swift; sourceTree = "<group>"; };
		FB3271ED226F693C00B94AE6 /* GradientLoadingButtonViewModel.swift */ = {isa = PBXFileReference; lastKnownFileType = sourcecode.swift; path = GradientLoadingButtonViewModel.swift; sourceTree = "<group>"; };
		FB3271EF226F694B00B94AE6 /* GradientLoadingStatusBarViewModel.swift */ = {isa = PBXFileReference; lastKnownFileType = sourcecode.swift; path = GradientLoadingStatusBarViewModel.swift; sourceTree = "<group>"; };
		FB3271F1226F695600B94AE6 /* GradientLoadingStatusBarWithSafeAreaViewModel.swift */ = {isa = PBXFileReference; lastKnownFileType = sourcecode.swift; path = GradientLoadingStatusBarWithSafeAreaViewModel.swift; sourceTree = "<group>"; };
		FB3271F3226F696600B94AE6 /* GradientLoadingStatusBarWithSafeAreaViewController.swift */ = {isa = PBXFileReference; lastKnownFileType = sourcecode.swift; path = GradientLoadingStatusBarWithSafeAreaViewController.swift; sourceTree = "<group>"; };
		FB3271F5226F697500B94AE6 /* GradientLoadingStatusBarViewController.swift */ = {isa = PBXFileReference; lastKnownFileType = sourcecode.swift; path = GradientLoadingStatusBarViewController.swift; sourceTree = "<group>"; };
		FB3271F7226F697F00B94AE6 /* GradientLoadingButtonViewController.swift */ = {isa = PBXFileReference; lastKnownFileType = sourcecode.swift; path = GradientLoadingButtonViewController.swift; sourceTree = "<group>"; };
		FBAD4757226F7B4E00DFE2A2 /* LTViewController+GradientLoadingBar.swift */ = {isa = PBXFileReference; lastKnownFileType = sourcecode.swift; path = "LTViewController+GradientLoadingBar.swift"; sourceTree = "<group>"; };
/* End PBXFileReference section */

/* Begin PBXFrameworksBuildPhase section */
		9E94B3D62030BEC000B8BA18 /* Frameworks */ = {
			isa = PBXFrameworksBuildPhase;
			buildActionMask = 2147483647;
			files = (
				F22E94A131A902D1727629A8 /* Pods_LibrariesPrototype.framework in Frameworks */,
			);
			runOnlyForDeploymentPostprocessing = 0;
		};
		9E94B3EA2030BEC000B8BA18 /* Frameworks */ = {
			isa = PBXFrameworksBuildPhase;
			buildActionMask = 2147483647;
			files = (
				56BAB5147F27307C82592834 /* Pods_LibrariesPrototypeTests.framework in Frameworks */,
			);
			runOnlyForDeploymentPostprocessing = 0;
		};
		9E94B3F52030BEC000B8BA18 /* Frameworks */ = {
			isa = PBXFrameworksBuildPhase;
			buildActionMask = 2147483647;
			files = (
				ABDE27FEA19C25945F82AB08 /* Pods_LibrariesPrototypeUITests.framework in Frameworks */,
			);
			runOnlyForDeploymentPostprocessing = 0;
		};
/* End PBXFrameworksBuildPhase section */

/* Begin PBXGroup section */
		6055C925958B396ADBEC235B /* Pods */ = {
			isa = PBXGroup;
			children = (
				9E28B3B21F6C7D640CFA7D7F /* Pods-LibrariesPrototype.debug.xcconfig */,
				9BEA3E3759B09962CA71FCB7 /* Pods-LibrariesPrototype.release.xcconfig */,
				A641A8D8E78C9E8B21CB0487 /* Pods-LibrariesPrototypeTests.debug.xcconfig */,
				D0101268CB92B19951DB637D /* Pods-LibrariesPrototypeTests.release.xcconfig */,
				32FFCE63D7B019D3EAD96C73 /* Pods-LibrariesPrototypeUITests.debug.xcconfig */,
				1767AD9BE0E14BBDBFA132F2 /* Pods-LibrariesPrototypeUITests.release.xcconfig */,
			);
			name = Pods;
			sourceTree = "<group>";
		};
		9E62CD39226C811C0078AAC6 /* RxSwift */ = {
			isa = PBXGroup;
			children = (
				9E62CD3A226C81560078AAC6 /* ReactiveMain */,
			);
			path = RxSwift;
			sourceTree = "<group>";
		};
		9E62CD3A226C81560078AAC6 /* ReactiveMain */ = {
			isa = PBXGroup;
			children = (
				9E62CD45226C8E2D0078AAC6 /* Models */,
				9E62CD4D226C8E610078AAC6 /* Services */,
				9E62CD4A226C8E420078AAC6 /* ViewControllers */,
				9E62CD4B226C8E510078AAC6 /* ViewModels */,
				9E62CD4C226C8E580078AAC6 /* Views */,
			);
			path = ReactiveMain;
			sourceTree = "<group>";
		};
		9E62CD45226C8E2D0078AAC6 /* Models */ = {
			isa = PBXGroup;
			children = (
				9E62CD47226C8E3F0078AAC6 /* Owner.swift */,
				9E62CD46226C8E3F0078AAC6 /* Repository.swift */,
			);
			path = Models;
			sourceTree = "<group>";
		};
		9E62CD4A226C8E420078AAC6 /* ViewControllers */ = {
			isa = PBXGroup;
			children = (
				9E62CD3D226C81560078AAC6 /* ReposViewController.swift */,
				9E62CD59226C91BD0078AAC6 /* LTRXViewController.swift */,
			);
			path = ViewControllers;
			sourceTree = "<group>";
		};
		9E62CD4B226C8E510078AAC6 /* ViewModels */ = {
			isa = PBXGroup;
			children = (
				9E62CD3E226C81560078AAC6 /* RepositoryViewModel.swift */,
				9E62CD3F226C81560078AAC6 /* ReposViewModel.swift */,
				9E62CD57226C911A0078AAC6 /* LTRXViewModel.swift */,
			);
			path = ViewModels;
			sourceTree = "<group>";
		};
		9E62CD4C226C8E580078AAC6 /* Views */ = {
			isa = PBXGroup;
			children = (
				9E62CD3B226C81560078AAC6 /* RepositoryCollectionViewCell.swift */,
			);
			path = Views;
			sourceTree = "<group>";
		};
		9E62CD4D226C8E610078AAC6 /* Services */ = {
			isa = PBXGroup;
			children = (
				9E62CD3C226C81560078AAC6 /* ReposService.swift */,
			);
			path = Services;
			sourceTree = "<group>";
		};
		9E62CD4E226C901B0078AAC6 /* Alamofire+RxSwift */ = {
			isa = PBXGroup;
			children = (
				9E62CD54226C905C0078AAC6 /* Models */,
				9E62CD53226C90560078AAC6 /* HTTPClient */,
			);
			path = "Alamofire+RxSwift";
			sourceTree = "<group>";
		};
		9E62CD53226C90560078AAC6 /* HTTPClient */ = {
			isa = PBXGroup;
			children = (
				9E62CD4F226C904F0078AAC6 /* AlamofireHTTPClient.swift */,
			);
			path = HTTPClient;
			sourceTree = "<group>";
		};
		9E62CD54226C905C0078AAC6 /* Models */ = {
			isa = PBXGroup;
			children = (
				9E62CD50226C904F0078AAC6 /* Endpoint.swift */,
				9E62CD55226C907A0078AAC6 /* GithubAPI.swift */,
			);
			path = Models;
			sourceTree = "<group>";
		};
		9E94B3D02030BEC000B8BA18 = {
			isa = PBXGroup;
			children = (
				9E94B3DB2030BEC000B8BA18 /* LibrariesPrototype */,
				9E94B3F02030BEC000B8BA18 /* LibrariesPrototypeTests */,
				9E94B3FB2030BEC000B8BA18 /* LibrariesPrototypeUITests */,
				9E94B3DA2030BEC000B8BA18 /* Products */,
				6055C925958B396ADBEC235B /* Pods */,
				C6F8907B2D6825A6BB6D03AC /* Frameworks */,
			);
			sourceTree = "<group>";
		};
		9E94B3DA2030BEC000B8BA18 /* Products */ = {
			isa = PBXGroup;
			children = (
				9E94B3D92030BEC000B8BA18 /* LibrariesPrototype.app */,
				9E94B3ED2030BEC000B8BA18 /* LibrariesPrototypeTests.xctest */,
				9E94B3F82030BEC000B8BA18 /* LibrariesPrototypeUITests.xctest */,
			);
			name = Products;
			sourceTree = "<group>";
		};
		9E94B3DB2030BEC000B8BA18 /* LibrariesPrototype */ = {
			isa = PBXGroup;
			children = (
				9E94B4132030C19000B8BA18 /* Common */,
				9E94B40A2030C19000B8BA18 /* Infrastructure */,
				9E94B40B2030C19000B8BA18 /* Presentation */,
				9E94B4122030C19000B8BA18 /* Screens */,
				9E94B3DC2030BEC000B8BA18 /* AppDelegate.swift */,
				9EA1EC3B226BE6E800AC5F88 /* Application.swift */,
				9EA1EC37226BE5A100AC5F88 /* Navigation.swift */,
				9E94B3E32030BEC000B8BA18 /* Assets.xcassets */,
				9E94B3E82030BEC000B8BA18 /* Info.plist */,
				9E94B5892030DC7B00B8BA18 /* Configurations */,
				9EEA0FB4226A5BB1008595CC /* LaunchScreen.storyboard */,
			);
			path = LibrariesPrototype;
			sourceTree = "<group>";
		};
		9E94B3F02030BEC000B8BA18 /* LibrariesPrototypeTests */ = {
			isa = PBXGroup;
			children = (
				9E94B3F12030BEC000B8BA18 /* LibrariesPrototypeTests.swift */,
				9E94B3F32030BEC000B8BA18 /* Info.plist */,
			);
			path = LibrariesPrototypeTests;
			sourceTree = "<group>";
		};
		9E94B3FB2030BEC000B8BA18 /* LibrariesPrototypeUITests */ = {
			isa = PBXGroup;
			children = (
				9E94B3FC2030BEC000B8BA18 /* LibrariesPrototypeUITests.swift */,
				9E94B3FE2030BEC000B8BA18 /* Info.plist */,
			);
			path = LibrariesPrototypeUITests;
			sourceTree = "<group>";
		};
		9E94B40A2030C19000B8BA18 /* Infrastructure */ = {
			isa = PBXGroup;
			children = (
				9EE91FBA226A37CE0079827F /* Networking */,
			);
			path = Infrastructure;
			sourceTree = "<group>";
		};
		9E94B40B2030C19000B8BA18 /* Presentation */ = {
			isa = PBXGroup;
			children = (
				9E94B40F2030C19000B8BA18 /* Controls */,
				9E94B40E2030C19000B8BA18 /* Extensions */,
				B68EE6C0227640F000749D62 /* Models */,
				9EEA0F9E226A4BD5008595CC /* ViewControllers */,
				9E94B40C2030C19000B8BA18 /* ViewModels */,
				9E94B4112030C19000B8BA18 /* Views */,
			);
			path = Presentation;
			sourceTree = "<group>";
		};
		9E94B40C2030C19000B8BA18 /* ViewModels */ = {
			isa = PBXGroup;
			children = (
				9EE91FB8226A37410079827F /* LTViewModel.swift */,
			);
			path = ViewModels;
			sourceTree = "<group>";
		};
		9E94B40E2030C19000B8BA18 /* Extensions */ = {
			isa = PBXGroup;
			children = (
				9EEA0FB0226A586A008595CC /* LTViewController+ActivitiyIndicator.swift */,
				FBAD4757226F7B4E00DFE2A2 /* LTViewController+GradientLoadingBar.swift */,
				B6253E35227F818D00342A94 /* UIImageView+AlamofireImage.swift */,
				9EEA0FAC226A573D008595CC /* UIImageView+AsyncLoadingFromURL.swift */,
				9EEA0F9C226A4A51008595CC /* UIView+Constraints.swift */,
			);
			path = Extensions;
			sourceTree = "<group>";
		};
		9E94B40F2030C19000B8BA18 /* Controls */ = {
			isa = PBXGroup;
			children = (
				9EE91FB0226A36DC0079827F /* LTButton.swift */,
				B60255D122711806005D31B8 /* LTGradientBarButton.swift */,
				B6E319F72276416000AD34F6 /* LTHeavyLabel.swift */,
				9EE91FB2226A36E70079827F /* LTLabel.swift */,
				B6E319F92276416E00AD34F6 /* LTLightLabel.swift */,
			);
			path = Controls;
			sourceTree = "<group>";
		};
		9E94B4112030C19000B8BA18 /* Views */ = {
			isa = PBXGroup;
			children = (
				9EE91FB6226A372B0079827F /* LTCollectionView.swift */,
				9EEA0FA3226A4D42008595CC /* LTCollectionViewCell.swift */,
				9E62CD5B226C92CE0078AAC6 /* LTCollectionViewFlowLayout.swift */,
				9EEA0FA7226A52DD008595CC /* LTImageView.swift */,
				9EEA0FAE226A57F1008595CC /* LTScrollView.swift */,
				9EE91FB4226A371C0079827F /* LTTableView.swift */,
				9EEA0FA5226A4D56008595CC /* LTTableViewCell.swift */,
				9EE91FAE226A36CD0079827F /* LTView.swift */,
				9EA1EC39226BE60000AC5F88 /* LTWindow.swift */,
				B68EE6BE227640DC00749D62 /* LTCollectionReusableView.swift */,
			);
			path = Views;
			sourceTree = "<group>";
		};
		9E94B4122030C19000B8BA18 /* Screens */ = {
			isa = PBXGroup;
			children = (
				9EEA0FBE226A88C1008595CC /* EmptyDataSet */,
				FB3271E6226F65FD00B94AE6 /* GradientLoadingBar */,
				9EEA0F3C226A3F3C008595CC /* Main */,
				9EEA0F50226A4958008595CC /* NativeAPI */,
				9E62CD39226C811C0078AAC6 /* RxSwift */,
				9EEA0F3D226A3F46008595CC /* Splash */,
				B675303D2276050C00BD9AFA /* StretchyHeader */,
			);
			path = Screens;
			sourceTree = "<group>";
		};
		9E94B4132030C19000B8BA18 /* Common */ = {
			isa = PBXGroup;
			children = (
				9EE91FD3226A3E1D0079827F /* Models */,
				9E94B4142030C19000B8BA18 /* Constants */,
				9E94B4152030C19000B8BA18 /* Extensions */,
				9E94B4162030C19000B8BA18 /* Helpers */,
				9EEA0FBA226A63E4008595CC /* Libraries */,
			);
			path = Common;
			sourceTree = "<group>";
		};
		9E94B4142030C19000B8BA18 /* Constants */ = {
			isa = PBXGroup;
			children = (
				B658650B227222A200773E35 /* EnvironmentInfoConstants.swift */,
			);
			path = Constants;
			sourceTree = "<group>";
		};
		9E94B4152030C19000B8BA18 /* Extensions */ = {
			isa = PBXGroup;
			children = (
			);
			path = Extensions;
			sourceTree = "<group>";
		};
		9E94B4162030C19000B8BA18 /* Helpers */ = {
			isa = PBXGroup;
			children = (
				B6586507227221C300773E35 /* AppDelegateHelper.swift */,
				9EEA0FA1226A4C81008595CC /* Bindable.swift */,
				B65865092272223C00773E35 /* EnvironmentInfoHelper.swift */,
			);
			path = Helpers;
			sourceTree = "<group>";
		};
		9E94B5892030DC7B00B8BA18 /* Configurations */ = {
			isa = PBXGroup;
			children = (
				9E94B58A2030DCAB00B8BA18 /* Development.xcconfig */,
				9E94B58B2030DCB900B8BA18 /* Test.xcconfig */,
				9E94B58C2030DCD300B8BA18 /* Production.xcconfig */,
			);
			path = Configurations;
			sourceTree = "<group>";
		};
		9EA1EC3D226BFDDA00AC5F88 /* ViewModels */ = {
			isa = PBXGroup;
			children = (
				9EA1EC3E226BFDF600AC5F88 /* MainEmptyDataSetListViewModel.swift */,
			);
			path = ViewModels;
			sourceTree = "<group>";
		};
		9EE91FBA226A37CE0079827F /* Networking */ = {
			isa = PBXGroup;
			children = (
				9E62CD4E226C901B0078AAC6 /* Alamofire+RxSwift */,
				9EE91FCF226A3C570079827F /* Service */,
				9EE91FBB226A37D80079827F /* Native */,
			);
			path = Networking;
			sourceTree = "<group>";
		};
		9EE91FBB226A37D80079827F /* Native */ = {
			isa = PBXGroup;
			children = (
				9EE91FCE226A3C240079827F /* HTTPClient */,
				9EE91FC7226A3B6D0079827F /* Helpers */,
				9EE91FBE226A38270079827F /* Models */,
			);
			path = Native;
			sourceTree = "<group>";
		};
		9EE91FBE226A38270079827F /* Models */ = {
			isa = PBXGroup;
			children = (
				9EE91FC5226A3A2E0079827F /* APIRequest.swift */,
				9EE91FBF226A3A040079827F /* DataContainer.swift */,
				9EE91FC3226A3A180079827F /* MarvelError.swift */,
				9EE91FC1226A3A0C0079827F /* MarvelResponse.swift */,
			);
			path = Models;
			sourceTree = "<group>";
		};
		9EE91FC7226A3B6D0079827F /* Helpers */ = {
			isa = PBXGroup;
			children = (
				9EE91FC8226A3B920079827F /* HTTPParameter.swift */,
				9EE91FCC226A3BA90079827F /* md5.swift */,
				9EE91FCA226A3B9E0079827F /* URLQueryItemEncoder.swift */,
			);
			path = Helpers;
			sourceTree = "<group>";
		};
		9EE91FCE226A3C240079827F /* HTTPClient */ = {
			isa = PBXGroup;
			children = (
				9EE91FBC226A37F90079827F /* MarvelAPIClient.swift */,
			);
			path = HTTPClient;
			sourceTree = "<group>";
		};
		9EE91FCF226A3C570079827F /* Service */ = {
			isa = PBXGroup;
			children = (
				9EE91FD0226A3C630079827F /* LTService.swift */,
			);
			path = Service;
			sourceTree = "<group>";
		};
		9EE91FD3226A3E1D0079827F /* Models */ = {
			isa = PBXGroup;
			children = (
			);
			path = Models;
			sourceTree = "<group>";
		};
		9EEA0F3C226A3F3C008595CC /* Main */ = {
			isa = PBXGroup;
			children = (
				9EEA0F4B226A3FE9008595CC /* Services */,
				9EEA0F41226A3F73008595CC /* ViewControllers */,
				9EEA0F40226A3F6D008595CC /* ViewModels */,
			);
			path = Main;
			sourceTree = "<group>";
		};
		9EEA0F3D226A3F46008595CC /* Splash */ = {
			isa = PBXGroup;
			children = (
				9EEA0F4A226A3FE4008595CC /* Services */,
				9EEA0F3F226A3F66008595CC /* ViewModels */,
				9EEA0F3E226A3F5F008595CC /* ViewControllers */,
			);
			path = Splash;
			sourceTree = "<group>";
		};
		9EEA0F3E226A3F5F008595CC /* ViewControllers */ = {
			isa = PBXGroup;
			children = (
				9EEA0F44226A3F9B008595CC /* SplashViewController.swift */,
			);
			path = ViewControllers;
			sourceTree = "<group>";
		};
		9EEA0F3F226A3F66008595CC /* ViewModels */ = {
			isa = PBXGroup;
			children = (
				9EEA0F48226A3FBD008595CC /* SplashViewModel.swift */,
			);
			path = ViewModels;
			sourceTree = "<group>";
		};
		9EEA0F40226A3F6D008595CC /* ViewModels */ = {
			isa = PBXGroup;
			children = (
				9EEA0F46226A3FB2008595CC /* MainViewModel.swift */,
			);
			path = ViewModels;
			sourceTree = "<group>";
		};
		9EEA0F41226A3F73008595CC /* ViewControllers */ = {
			isa = PBXGroup;
			children = (
				9EEA0F42226A3F8B008595CC /* MainViewController.swift */,
			);
			path = ViewControllers;
			sourceTree = "<group>";
		};
		9EEA0F4A226A3FE4008595CC /* Services */ = {
			isa = PBXGroup;
			children = (
				9EEA0F4E226A401F008595CC /* SplashService.swift */,
			);
			path = Services;
			sourceTree = "<group>";
		};
		9EEA0F4B226A3FE9008595CC /* Services */ = {
			isa = PBXGroup;
			children = (
				9EEA0F4C226A400B008595CC /* MainService.swift */,
			);
			path = Services;
			sourceTree = "<group>";
		};
		9EEA0F50226A4958008595CC /* NativeAPI */ = {
			isa = PBXGroup;
			children = (
				9EEA0FB6226A5DBB008595CC /* Shared */,
				9EEA0F69226A498A008595CC /* HeroDetail */,
				9EEA0F51226A498A008595CC /* HeroList */,
			);
			path = NativeAPI;
			sourceTree = "<group>";
		};
		9EEA0F51226A498A008595CC /* HeroList */ = {
			isa = PBXGroup;
			children = (
				9EEA0FA9226A5300008595CC /* Controls */,
				9EEA0F56226A498A008595CC /* Constants */,
				9EEA0F65226A498A008595CC /* Services */,
				9EEA0F58226A498A008595CC /* ViewControllers */,
				9EEA0F52226A498A008595CC /* ViewModels */,
				9EEA0F60226A498A008595CC /* Views */,
			);
			path = HeroList;
			sourceTree = "<group>";
		};
		9EEA0F52226A498A008595CC /* ViewModels */ = {
			isa = PBXGroup;
			children = (
				9EEA0F53226A498A008595CC /* HeroCellViewModel.swift */,
				9EEA0F54226A498A008595CC /* HeroListViewModel.swift */,
				9EEA0F55226A498A008595CC /* HeroSearchViewModel.swift */,
			);
			path = ViewModels;
			sourceTree = "<group>";
		};
		9EEA0F56226A498A008595CC /* Constants */ = {
			isa = PBXGroup;
			children = (
				9EEA0F57226A498A008595CC /* HeroListConstants.swift */,
			);
			path = Constants;
			sourceTree = "<group>";
		};
		9EEA0F58226A498A008595CC /* ViewControllers */ = {
			isa = PBXGroup;
			children = (
				9EEA0F59226A498A008595CC /* HeroListViewController.swift */,
				9EEA0F5A226A498A008595CC /* BaseHeroViewController.swift */,
				9EEA0F5B226A498A008595CC /* HeroSearchViewController.swift */,
			);
			path = ViewControllers;
			sourceTree = "<group>";
		};
		9EEA0F60226A498A008595CC /* Views */ = {
			isa = PBXGroup;
			children = (
				9EEA0F61226A498A008595CC /* HeroCollectionView.swift */,
				9EEA0F63226A498A008595CC /* HeroCollectionViewCell.swift */,
				9EEA0F64226A498A008595CC /* HeroListCollectionViewLayout.swift */,
			);
			path = Views;
			sourceTree = "<group>";
		};
		9EEA0F65226A498A008595CC /* Services */ = {
			isa = PBXGroup;
			children = (
				9EEA0F66226A498A008595CC /* HeroSearchService.swift */,
				9EEA0F67226A498A008595CC /* GetCharacters.swift */,
				9EEA0F68226A498A008595CC /* HeroListService.swift */,
			);
			path = Services;
			sourceTree = "<group>";
		};
		9EEA0F69226A498A008595CC /* HeroDetail */ = {
			isa = PBXGroup;
			children = (
				9EEA0F70226A498A008595CC /* Constants */,
				9EEA0F74226A498A008595CC /* Service */,
				9EEA0F72226A498A008595CC /* ViewControllers */,
				9EEA0F6A226A498A008595CC /* ViewModels */,
				9EEA0F7A226A498A008595CC /* Views */,
			);
			path = HeroDetail;
			sourceTree = "<group>";
		};
		9EEA0F6A226A498A008595CC /* ViewModels */ = {
			isa = PBXGroup;
			children = (
				9EEA0F6B226A498A008595CC /* HeroStoryViewModel.swift */,
				9EEA0F6C226A498A008595CC /* HeroDetailViewModel.swift */,
				9EEA0F6D226A498A008595CC /* HeroComicViewModel.swift */,
				9EEA0F6E226A498A008595CC /* HeroSerieViewModel.swift */,
				9EEA0F6F226A498A008595CC /* HeroEventViewModel.swift */,
			);
			path = ViewModels;
			sourceTree = "<group>";
		};
		9EEA0F70226A498A008595CC /* Constants */ = {
			isa = PBXGroup;
			children = (
				9EEA0F71226A498A008595CC /* HeroDetailConstants.swift */,
			);
			path = Constants;
			sourceTree = "<group>";
		};
		9EEA0F72226A498A008595CC /* ViewControllers */ = {
			isa = PBXGroup;
			children = (
				9EEA0F73226A498A008595CC /* HeroDetailViewController.swift */,
			);
			path = ViewControllers;
			sourceTree = "<group>";
		};
		9EEA0F74226A498A008595CC /* Service */ = {
			isa = PBXGroup;
			children = (
				9EEA0F75226A498A008595CC /* GetHeroStories.swift */,
				9EEA0F76226A498A008595CC /* GetHeroSeries.swift */,
				9EEA0F77226A498A008595CC /* GetHeroComics.swift */,
				9EEA0F78226A498A008595CC /* GetHeroEvents.swift */,
				9EEA0F79226A498A008595CC /* HeroDetailService.swift */,
			);
			path = Service;
			sourceTree = "<group>";
		};
		9EEA0F7A226A498A008595CC /* Views */ = {
			isa = PBXGroup;
			children = (
				9EEA0F7B226A498A008595CC /* HeroDetailView.swift */,
				9EEA0F7C226A498A008595CC /* HeroDetailContainerView.swift */,
			);
			path = Views;
			sourceTree = "<group>";
		};
		9EEA0F9E226A4BD5008595CC /* ViewControllers */ = {
			isa = PBXGroup;
			children = (
				9EEA0F9F226A4BF6008595CC /* LTViewController.swift */,
				9EEA0FB8226A615D008595CC /* LTNavigationController.swift */,
			);
			path = ViewControllers;
			sourceTree = "<group>";
		};
		9EEA0FA9226A5300008595CC /* Controls */ = {
			isa = PBXGroup;
			children = (
				9EEA0FAA226A530A008595CC /* FavoriteButton.swift */,
			);
			path = Controls;
			sourceTree = "<group>";
		};
		9EEA0FB6226A5DBB008595CC /* Shared */ = {
			isa = PBXGroup;
			children = (
				9EEA0FB7226A5DC2008595CC /* Models */,
			);
			path = Shared;
			sourceTree = "<group>";
		};
		9EEA0FB7226A5DC2008595CC /* Models */ = {
			isa = PBXGroup;
			children = (
				9EE91FD7226A3E5B0079827F /* Comic.swift */,
				9EE91FD9226A3E5B0079827F /* ComicCharacter.swift */,
				9EE91FD6226A3E5B0079827F /* Event.swift */,
				9EE91FD8226A3E5B0079827F /* Image.swift */,
				9EE91FD4226A3E5B0079827F /* Serie.swift */,
				9EE91FD5226A3E5B0079827F /* Story.swift */,
			);
			path = Models;
			sourceTree = "<group>";
		};
		9EEA0FBA226A63E4008595CC /* Libraries */ = {
			isa = PBXGroup;
			children = (
				9EEA0FBB226A63F5008595CC /* Codextended.swift */,
			);
			path = Libraries;
			sourceTree = "<group>";
		};
		9EEA0FBE226A88C1008595CC /* EmptyDataSet */ = {
			isa = PBXGroup;
			children = (
				9EA1EC3D226BFDDA00AC5F88 /* ViewModels */,
				9EEA0FC3226A891B008595CC /* ViewControllers */,
			);
			path = EmptyDataSet;
			sourceTree = "<group>";
		};
		9EEA0FC3226A891B008595CC /* ViewControllers */ = {
			isa = PBXGroup;
			children = (
				9EEA0FD0226A89EB008595CC /* BaseEmptyDataSetListViewController.swift */,
				9EEA0FCA226A8988008595CC /* EmptyDataSetListViewController.swift */,
				9EEA0FCE226A89A0008595CC /* EmptyDataSetListWithImageViewController.swift */,
				9EEA0FCC226A8995008595CC /* EmptyDataSetListWithButtonViewController.swift */,
				9EB35A0E226A8F8C0024FDEC /* MainEmptyDataSetListViewController.swift */,
			);
			path = ViewControllers;
			sourceTree = "<group>";
		};
		B65865022272018800773E35 /* Constants */ = {
			isa = PBXGroup;
			children = (
				B65865052272033D00773E35 /* GradientLoadingBarConstants.swift */,
			);
			path = Constants;
			sourceTree = "<group>";
		};
		B675303D2276050C00BD9AFA /* StretchyHeader */ = {
			isa = PBXGroup;
			children = (
				B675303E2276052200BD9AFA /* ViewControllers */,
				B68EE6B922760B0B00749D62 /* Views */,
			);
			path = StretchyHeader;
			sourceTree = "<group>";
		};
		B675303E2276052200BD9AFA /* ViewControllers */ = {
			isa = PBXGroup;
			children = (
				B68EE6B3227605AC00749D62 /* MainStretchyHeaderViewController.swift */,
			);
			path = ViewControllers;
			sourceTree = "<group>";
		};
		B68EE6B922760B0B00749D62 /* Views */ = {
			isa = PBXGroup;
			children = (
				B68EE6BC227615B600749D62 /* StretchyHeaderLayout.swift */,
				B68EE6BA22760B3E00749D62 /* StretchyHeaderView.swift */,
			);
			path = Views;
			sourceTree = "<group>";
		};
		B68EE6C0227640F000749D62 /* Models */ = {
			isa = PBXGroup;
			children = (
				B68EE6C12276410600749D62 /* LTViewPropertyAnimator.swift */,
			);
			path = Models;
			sourceTree = "<group>";
		};
		C6F8907B2D6825A6BB6D03AC /* Frameworks */ = {
			isa = PBXGroup;
			children = (
				C0F2A9BBB640BE5DCB529C15 /* Pods_LibrariesPrototype.framework */,
				2C0A85CE7564EA861DE44C07 /* Pods_LibrariesPrototypeTests.framework */,
				6CFAA968927402D631B262A8 /* Pods_LibrariesPrototypeUITests.framework */,
			);
			name = Frameworks;
			sourceTree = "<group>";
		};
		FB3271E6226F65FD00B94AE6 /* GradientLoadingBar */ = {
			isa = PBXGroup;
			children = (
				B65865022272018800773E35 /* Constants */,
				FB3271E7226F660500B94AE6 /* ViewControllers */,
				FB3271E8226F660A00B94AE6 /* ViewModels */,
			);
			path = GradientLoadingBar;
			sourceTree = "<group>";
		};
		FB3271E7226F660500B94AE6 /* ViewControllers */ = {
			isa = PBXGroup;
			children = (
				FB3271F7226F697F00B94AE6 /* GradientLoadingButtonViewController.swift */,
				FB3271E9226F662900B94AE6 /* GradientLoadingMainViewController.swift */,
				FB3271F5226F697500B94AE6 /* GradientLoadingStatusBarViewController.swift */,
				FB3271F3226F696600B94AE6 /* GradientLoadingStatusBarWithSafeAreaViewController.swift */,
				B60255D32271FBAE005D31B8 /* LTGradientLoadingBarViewController.swift */,
			);
			path = ViewControllers;
			sourceTree = "<group>";
		};
		FB3271E8226F660A00B94AE6 /* ViewModels */ = {
			isa = PBXGroup;
			children = (
				FB3271ED226F693C00B94AE6 /* GradientLoadingButtonViewModel.swift */,
				FB3271EB226F663500B94AE6 /* GradientLoadingMainViewModel.swift */,
				FB3271EF226F694B00B94AE6 /* GradientLoadingStatusBarViewModel.swift */,
				FB3271F1226F695600B94AE6 /* GradientLoadingStatusBarWithSafeAreaViewModel.swift */,
			);
			path = ViewModels;
			sourceTree = "<group>";
		};
/* End PBXGroup section */

/* Begin PBXNativeTarget section */
		9E94B3D82030BEC000B8BA18 /* LibrariesPrototype */ = {
			isa = PBXNativeTarget;
			buildConfigurationList = 9E94B4012030BEC000B8BA18 /* Build configuration list for PBXNativeTarget "LibrariesPrototype" */;
			buildPhases = (
				48871C4B3A7A87DBDB773A25 /* [CP] Check Pods Manifest.lock */,
				9E94B3D52030BEC000B8BA18 /* Sources */,
				9E94B3D62030BEC000B8BA18 /* Frameworks */,
				9E94B3D72030BEC000B8BA18 /* Resources */,
				6D4E126E540F348DB9BD7198 /* [CP] Embed Pods Frameworks */,
				9E62CD5D226D07A80078AAC6 /* [LT] SwiftLint */,
			);
			buildRules = (
			);
			dependencies = (
			);
			name = LibrariesPrototype;
			productName = LibrariesPrototype;
			productReference = 9E94B3D92030BEC000B8BA18 /* LibrariesPrototype.app */;
			productType = "com.apple.product-type.application";
		};
		9E94B3EC2030BEC000B8BA18 /* LibrariesPrototypeTests */ = {
			isa = PBXNativeTarget;
			buildConfigurationList = 9E94B4042030BEC000B8BA18 /* Build configuration list for PBXNativeTarget "LibrariesPrototypeTests" */;
			buildPhases = (
				920B7AC238E433B0DDA00271 /* [CP] Check Pods Manifest.lock */,
				9E94B3E92030BEC000B8BA18 /* Sources */,
				9E94B3EA2030BEC000B8BA18 /* Frameworks */,
				9E94B3EB2030BEC000B8BA18 /* Resources */,
			);
			buildRules = (
			);
			dependencies = (
				9E94B3EF2030BEC000B8BA18 /* PBXTargetDependency */,
			);
			name = LibrariesPrototypeTests;
			productName = LibrariesPrototypeTests;
			productReference = 9E94B3ED2030BEC000B8BA18 /* LibrariesPrototypeTests.xctest */;
			productType = "com.apple.product-type.bundle.unit-test";
		};
		9E94B3F72030BEC000B8BA18 /* LibrariesPrototypeUITests */ = {
			isa = PBXNativeTarget;
			buildConfigurationList = 9E94B4072030BEC000B8BA18 /* Build configuration list for PBXNativeTarget "LibrariesPrototypeUITests" */;
			buildPhases = (
				8E957ECFA09DA55786149081 /* [CP] Check Pods Manifest.lock */,
				9E94B3F42030BEC000B8BA18 /* Sources */,
				9E94B3F52030BEC000B8BA18 /* Frameworks */,
				9E94B3F62030BEC000B8BA18 /* Resources */,
			);
			buildRules = (
			);
			dependencies = (
				9E94B3FA2030BEC000B8BA18 /* PBXTargetDependency */,
			);
			name = LibrariesPrototypeUITests;
			productName = LibrariesPrototypeUITests;
			productReference = 9E94B3F82030BEC000B8BA18 /* LibrariesPrototypeUITests.xctest */;
			productType = "com.apple.product-type.bundle.ui-testing";
		};
/* End PBXNativeTarget section */

/* Begin PBXProject section */
		9E94B3D12030BEC000B8BA18 /* Project object */ = {
			isa = PBXProject;
			attributes = {
				LastSwiftUpdateCheck = 0920;
				LastUpgradeCheck = 0920;
				ORGANIZATIONNAME = "Ozgun Zor";
				TargetAttributes = {
					9E94B3D82030BEC000B8BA18 = {
						CreatedOnToolsVersion = 9.2;
						LastSwiftMigration = 1020;
						ProvisioningStyle = Manual;
					};
					9E94B3EC2030BEC000B8BA18 = {
						CreatedOnToolsVersion = 9.2;
						ProvisioningStyle = Automatic;
						TestTargetID = 9E94B3D82030BEC000B8BA18;
					};
					9E94B3F72030BEC000B8BA18 = {
						CreatedOnToolsVersion = 9.2;
						ProvisioningStyle = Automatic;
						TestTargetID = 9E94B3D82030BEC000B8BA18;
					};
				};
			};
			buildConfigurationList = 9E94B3D42030BEC000B8BA18 /* Build configuration list for PBXProject "LibrariesPrototype" */;
			compatibilityVersion = "Xcode 8.0";
			developmentRegion = en;
			hasScannedForEncodings = 0;
			knownRegions = (
				en,
				Base,
			);
			mainGroup = 9E94B3D02030BEC000B8BA18;
			productRefGroup = 9E94B3DA2030BEC000B8BA18 /* Products */;
			projectDirPath = "";
			projectRoot = "";
			targets = (
				9E94B3D82030BEC000B8BA18 /* LibrariesPrototype */,
				9E94B3EC2030BEC000B8BA18 /* LibrariesPrototypeTests */,
				9E94B3F72030BEC000B8BA18 /* LibrariesPrototypeUITests */,
			);
		};
/* End PBXProject section */

/* Begin PBXResourcesBuildPhase section */
		9E94B3D72030BEC000B8BA18 /* Resources */ = {
			isa = PBXResourcesBuildPhase;
			buildActionMask = 2147483647;
			files = (
				9E94B3E42030BEC000B8BA18 /* Assets.xcassets in Resources */,
				9EEA0FB5226A5BB1008595CC /* LaunchScreen.storyboard in Resources */,
			);
			runOnlyForDeploymentPostprocessing = 0;
		};
		9E94B3EB2030BEC000B8BA18 /* Resources */ = {
			isa = PBXResourcesBuildPhase;
			buildActionMask = 2147483647;
			files = (
			);
			runOnlyForDeploymentPostprocessing = 0;
		};
		9E94B3F62030BEC000B8BA18 /* Resources */ = {
			isa = PBXResourcesBuildPhase;
			buildActionMask = 2147483647;
			files = (
			);
			runOnlyForDeploymentPostprocessing = 0;
		};
/* End PBXResourcesBuildPhase section */

/* Begin PBXShellScriptBuildPhase section */
		48871C4B3A7A87DBDB773A25 /* [CP] Check Pods Manifest.lock */ = {
			isa = PBXShellScriptBuildPhase;
			buildActionMask = 2147483647;
			files = (
			);
			inputPaths = (
				"${PODS_PODFILE_DIR_PATH}/Podfile.lock",
				"${PODS_ROOT}/Manifest.lock",
			);
			name = "[CP] Check Pods Manifest.lock";
			outputPaths = (
				"$(DERIVED_FILE_DIR)/Pods-LibrariesPrototype-checkManifestLockResult.txt",
			);
			runOnlyForDeploymentPostprocessing = 0;
			shellPath = /bin/sh;
			shellScript = "diff \"${PODS_PODFILE_DIR_PATH}/Podfile.lock\" \"${PODS_ROOT}/Manifest.lock\" > /dev/null\nif [ $? != 0 ] ; then\n    # print error to STDERR\n    echo \"error: The sandbox is not in sync with the Podfile.lock. Run 'pod install' or update your CocoaPods installation.\" >&2\n    exit 1\nfi\n# This output is used by Xcode 'outputs' to avoid re-running this script phase.\necho \"SUCCESS\" > \"${SCRIPT_OUTPUT_FILE_0}\"\n";
			showEnvVarsInLog = 0;
		};
		6D4E126E540F348DB9BD7198 /* [CP] Embed Pods Frameworks */ = {
			isa = PBXShellScriptBuildPhase;
			buildActionMask = 2147483647;
			files = (
			);
			inputPaths = (
				"${PODS_ROOT}/Target Support Files/Pods-LibrariesPrototype/Pods-LibrariesPrototype-frameworks.sh",
				"${BUILT_PRODUCTS_DIR}/Alamofire/Alamofire.framework",
				"${BUILT_PRODUCTS_DIR}/AlamofireImage/AlamofireImage.framework",
				"${BUILT_PRODUCTS_DIR}/AlamofireNetworkActivityLogger/AlamofireNetworkActivityLogger.framework",
				"${BUILT_PRODUCTS_DIR}/CocoaLumberjack/CocoaLumberjack.framework",
				"${BUILT_PRODUCTS_DIR}/EmptyDataSet-Swift/EmptyDataSet_Swift.framework",
				"${BUILT_PRODUCTS_DIR}/GradientLoadingBar/GradientLoadingBar.framework",
				"${BUILT_PRODUCTS_DIR}/RxAtomic/RxAtomic.framework",
				"${BUILT_PRODUCTS_DIR}/RxCocoa/RxCocoa.framework",
				"${BUILT_PRODUCTS_DIR}/RxSwift/RxSwift.framework",
				"${BUILT_PRODUCTS_DIR}/SVProgressHUD/SVProgressHUD.framework",
				"${BUILT_PRODUCTS_DIR}/Swinject/Swinject.framework",
			);
			name = "[CP] Embed Pods Frameworks";
			outputPaths = (
				"${TARGET_BUILD_DIR}/${FRAMEWORKS_FOLDER_PATH}/Alamofire.framework",
				"${TARGET_BUILD_DIR}/${FRAMEWORKS_FOLDER_PATH}/AlamofireImage.framework",
				"${TARGET_BUILD_DIR}/${FRAMEWORKS_FOLDER_PATH}/AlamofireNetworkActivityLogger.framework",
				"${TARGET_BUILD_DIR}/${FRAMEWORKS_FOLDER_PATH}/CocoaLumberjack.framework",
				"${TARGET_BUILD_DIR}/${FRAMEWORKS_FOLDER_PATH}/EmptyDataSet_Swift.framework",
				"${TARGET_BUILD_DIR}/${FRAMEWORKS_FOLDER_PATH}/GradientLoadingBar.framework",
				"${TARGET_BUILD_DIR}/${FRAMEWORKS_FOLDER_PATH}/RxAtomic.framework",
				"${TARGET_BUILD_DIR}/${FRAMEWORKS_FOLDER_PATH}/RxCocoa.framework",
				"${TARGET_BUILD_DIR}/${FRAMEWORKS_FOLDER_PATH}/RxSwift.framework",
				"${TARGET_BUILD_DIR}/${FRAMEWORKS_FOLDER_PATH}/SVProgressHUD.framework",
				"${TARGET_BUILD_DIR}/${FRAMEWORKS_FOLDER_PATH}/Swinject.framework",
			);
			runOnlyForDeploymentPostprocessing = 0;
			shellPath = /bin/sh;
			shellScript = "\"${PODS_ROOT}/Target Support Files/Pods-LibrariesPrototype/Pods-LibrariesPrototype-frameworks.sh\"\n";
			showEnvVarsInLog = 0;
		};
		8E957ECFA09DA55786149081 /* [CP] Check Pods Manifest.lock */ = {
			isa = PBXShellScriptBuildPhase;
			buildActionMask = 2147483647;
			files = (
			);
			inputPaths = (
				"${PODS_PODFILE_DIR_PATH}/Podfile.lock",
				"${PODS_ROOT}/Manifest.lock",
			);
			name = "[CP] Check Pods Manifest.lock";
			outputPaths = (
				"$(DERIVED_FILE_DIR)/Pods-LibrariesPrototypeUITests-checkManifestLockResult.txt",
			);
			runOnlyForDeploymentPostprocessing = 0;
			shellPath = /bin/sh;
			shellScript = "diff \"${PODS_PODFILE_DIR_PATH}/Podfile.lock\" \"${PODS_ROOT}/Manifest.lock\" > /dev/null\nif [ $? != 0 ] ; then\n    # print error to STDERR\n    echo \"error: The sandbox is not in sync with the Podfile.lock. Run 'pod install' or update your CocoaPods installation.\" >&2\n    exit 1\nfi\n# This output is used by Xcode 'outputs' to avoid re-running this script phase.\necho \"SUCCESS\" > \"${SCRIPT_OUTPUT_FILE_0}\"\n";
			showEnvVarsInLog = 0;
		};
		920B7AC238E433B0DDA00271 /* [CP] Check Pods Manifest.lock */ = {
			isa = PBXShellScriptBuildPhase;
			buildActionMask = 2147483647;
			files = (
			);
			inputPaths = (
				"${PODS_PODFILE_DIR_PATH}/Podfile.lock",
				"${PODS_ROOT}/Manifest.lock",
			);
			name = "[CP] Check Pods Manifest.lock";
			outputPaths = (
				"$(DERIVED_FILE_DIR)/Pods-LibrariesPrototypeTests-checkManifestLockResult.txt",
			);
			runOnlyForDeploymentPostprocessing = 0;
			shellPath = /bin/sh;
			shellScript = "diff \"${PODS_PODFILE_DIR_PATH}/Podfile.lock\" \"${PODS_ROOT}/Manifest.lock\" > /dev/null\nif [ $? != 0 ] ; then\n    # print error to STDERR\n    echo \"error: The sandbox is not in sync with the Podfile.lock. Run 'pod install' or update your CocoaPods installation.\" >&2\n    exit 1\nfi\n# This output is used by Xcode 'outputs' to avoid re-running this script phase.\necho \"SUCCESS\" > \"${SCRIPT_OUTPUT_FILE_0}\"\n";
			showEnvVarsInLog = 0;
		};
		9E62CD5D226D07A80078AAC6 /* [LT] SwiftLint */ = {
			isa = PBXShellScriptBuildPhase;
			buildActionMask = 2147483647;
			files = (
			);
			inputFileListPaths = (
			);
			inputPaths = (
			);
			name = "[LT] SwiftLint";
			outputFileListPaths = (
			);
			outputPaths = (
			);
			runOnlyForDeploymentPostprocessing = 0;
			shellPath = /bin/sh;
			shellScript = "if which swiftlint >/dev/null; then\nswiftlint\nelse\necho \"warning: SwiftLint not installed, download from https://github.com/realm/SwiftLint\"\nfi\n";
		};
/* End PBXShellScriptBuildPhase section */

/* Begin PBXSourcesBuildPhase section */
		9E94B3D52030BEC000B8BA18 /* Sources */ = {
			isa = PBXSourcesBuildPhase;
			buildActionMask = 2147483647;
			files = (
				9EB35A0F226A8F8C0024FDEC /* MainEmptyDataSetListViewController.swift in Sources */,
				9EE91FB9226A37410079827F /* LTViewModel.swift in Sources */,
				9EE91FC0226A3A040079827F /* DataContainer.swift in Sources */,
				FB3271F6226F697500B94AE6 /* GradientLoadingStatusBarViewController.swift in Sources */,
				9EEA0F95226A498A008595CC /* GetHeroStories.swift in Sources */,
				9EE91FDB226A3E5B0079827F /* Story.swift in Sources */,
				B68EE6BD227615B600749D62 /* StretchyHeaderLayout.swift in Sources */,
				9EE91FC6226A3A2E0079827F /* APIRequest.swift in Sources */,
				FB3271F4226F696600B94AE6 /* GradientLoadingStatusBarWithSafeAreaViewController.swift in Sources */,
				9EEA0FAD226A573E008595CC /* UIImageView+AsyncLoadingFromURL.swift in Sources */,
				9EEA0F9D226A4A51008595CC /* UIView+Constraints.swift in Sources */,
				9EEA0FCF226A89A0008595CC /* EmptyDataSetListWithImageViewController.swift in Sources */,
				FB3271EC226F663500B94AE6 /* GradientLoadingMainViewModel.swift in Sources */,
				9EEA0FA0226A4BF6008595CC /* LTViewController.swift in Sources */,
				B6E319FA2276416E00AD34F6 /* LTLightLabel.swift in Sources */,
				B658650A2272223C00773E35 /* EnvironmentInfoHelper.swift in Sources */,
				9EEA0F7F226A498A008595CC /* HeroSearchViewModel.swift in Sources */,
				9EE91FDC226A3E5B0079827F /* Event.swift in Sources */,
				9EE91FB3226A36E70079827F /* LTLabel.swift in Sources */,
				9E62CD56226C907A0078AAC6 /* GithubAPI.swift in Sources */,
				9EEA0F8E226A498A008595CC /* HeroStoryViewModel.swift in Sources */,
				9EEA0FD1226A89EB008595CC /* BaseEmptyDataSetListViewController.swift in Sources */,
				9EEA0FA6226A4D56008595CC /* LTTableViewCell.swift in Sources */,
				9EE91FB5226A371C0079827F /* LTTableView.swift in Sources */,
				FB3271EE226F693C00B94AE6 /* GradientLoadingButtonViewModel.swift in Sources */,
				9E62CD44226C81560078AAC6 /* ReposViewModel.swift in Sources */,
				9EEA0F49226A3FBD008595CC /* SplashViewModel.swift in Sources */,
				9EE91FAF226A36CD0079827F /* LTView.swift in Sources */,
				9EE91FC4226A3A180079827F /* MarvelError.swift in Sources */,
				9EE91FDE226A3E5B0079827F /* Image.swift in Sources */,
				9EEA0F8C226A498A008595CC /* GetCharacters.swift in Sources */,
				9E62CD51226C904F0078AAC6 /* AlamofireHTTPClient.swift in Sources */,
				9EEA0F8A226A498A008595CC /* HeroListCollectionViewLayout.swift in Sources */,
				B68EE6B4227605AC00749D62 /* MainStretchyHeaderViewController.swift in Sources */,
				B68EE6C22276410600749D62 /* LTViewPropertyAnimator.swift in Sources */,
				9EE91FB1226A36DC0079827F /* LTButton.swift in Sources */,
				9EEA0FCB226A8988008595CC /* EmptyDataSetListViewController.swift in Sources */,
				9EE91FCB226A3B9E0079827F /* URLQueryItemEncoder.swift in Sources */,
				9EEA0FA4226A4D42008595CC /* LTCollectionViewCell.swift in Sources */,
				FB3271F8226F697F00B94AE6 /* GradientLoadingButtonViewController.swift in Sources */,
				9EEA0FAF226A57F1008595CC /* LTScrollView.swift in Sources */,
				9EE91FC2226A3A0C0079827F /* MarvelResponse.swift in Sources */,
				9EEA0F8B226A498A008595CC /* HeroSearchService.swift in Sources */,
				B658650C227222A200773E35 /* EnvironmentInfoConstants.swift in Sources */,
				FB3271F0226F694B00B94AE6 /* GradientLoadingStatusBarViewModel.swift in Sources */,
				9E62CD5C226C92CE0078AAC6 /* LTCollectionViewFlowLayout.swift in Sources */,
				9E62CD42226C81560078AAC6 /* ReposViewController.swift in Sources */,
				9EEA0F9A226A498A008595CC /* HeroDetailView.swift in Sources */,
				9E62CD43226C81560078AAC6 /* RepositoryViewModel.swift in Sources */,
				B65865062272033D00773E35 /* GradientLoadingBarConstants.swift in Sources */,
				9EEA0F80226A498A008595CC /* HeroListConstants.swift in Sources */,
				9E62CD58226C911A0078AAC6 /* LTRXViewModel.swift in Sources */,
				9EE91FCD226A3BA90079827F /* md5.swift in Sources */,
				9EEA0F82226A498A008595CC /* BaseHeroViewController.swift in Sources */,
				9EEA0F89226A498A008595CC /* HeroCollectionViewCell.swift in Sources */,
				B68EE6BB22760B3E00749D62 /* StretchyHeaderView.swift in Sources */,
				9EEA0F7E226A498A008595CC /* HeroListViewModel.swift in Sources */,
				9EEA0F83226A498A008595CC /* HeroSearchViewController.swift in Sources */,
				9EEA0F43226A3F8B008595CC /* MainViewController.swift in Sources */,
				9E62CD5A226C91BD0078AAC6 /* LTRXViewController.swift in Sources */,
				FB3271EA226F662900B94AE6 /* GradientLoadingMainViewController.swift in Sources */,
				B6586508227221C300773E35 /* AppDelegateHelper.swift in Sources */,
				9E62CD41226C81560078AAC6 /* ReposService.swift in Sources */,
				9EEA0F87226A498A008595CC /* HeroCollectionView.swift in Sources */,
				9EEA0F4F226A401F008595CC /* SplashService.swift in Sources */,
				9EEA0F94226A498A008595CC /* HeroDetailViewController.swift in Sources */,
				9E62CD48226C8E3F0078AAC6 /* Repository.swift in Sources */,
				9EEA0F9B226A498A008595CC /* HeroDetailContainerView.swift in Sources */,
				9EE91FD1226A3C630079827F /* LTService.swift in Sources */,
				9E62CD52226C904F0078AAC6 /* Endpoint.swift in Sources */,
				9EEA0F98226A498A008595CC /* GetHeroEvents.swift in Sources */,
				9EA1EC3F226BFDF600AC5F88 /* MainEmptyDataSetListViewModel.swift in Sources */,
				B60255D42271FBAE005D31B8 /* LTGradientLoadingBarViewController.swift in Sources */,
				B6E319F82276416000AD34F6 /* LTHeavyLabel.swift in Sources */,
				9E62CD40226C81560078AAC6 /* RepositoryCollectionViewCell.swift in Sources */,
				9EEA0F8F226A498A008595CC /* HeroDetailViewModel.swift in Sources */,
				9EEA0F93226A498A008595CC /* HeroDetailConstants.swift in Sources */,
				9EE91FDF226A3E5B0079827F /* ComicCharacter.swift in Sources */,
				9EE91FB7226A372B0079827F /* LTCollectionView.swift in Sources */,
				FB3271F2226F695600B94AE6 /* GradientLoadingStatusBarWithSafeAreaViewModel.swift in Sources */,
				9EEA0FA2226A4C81008595CC /* Bindable.swift in Sources */,
				9EEA0F91226A498A008595CC /* HeroSerieViewModel.swift in Sources */,
				9EE91FDD226A3E5B0079827F /* Comic.swift in Sources */,
				9EEA0F97226A498A008595CC /* GetHeroComics.swift in Sources */,
				9EE91FDA226A3E5B0079827F /* Serie.swift in Sources */,
				9EEA0F96226A498A008595CC /* GetHeroSeries.swift in Sources */,
				B60255D222711806005D31B8 /* LTGradientBarButton.swift in Sources */,
				9EA1EC3C226BE6E800AC5F88 /* Application.swift in Sources */,
				9EEA0F90226A498A008595CC /* HeroComicViewModel.swift in Sources */,
				9EEA0F8D226A498A008595CC /* HeroListService.swift in Sources */,
				9EE91FBD226A37F90079827F /* MarvelAPIClient.swift in Sources */,
				9EEA0FB9226A615D008595CC /* LTNavigationController.swift in Sources */,
				9EEA0F92226A498A008595CC /* HeroEventViewModel.swift in Sources */,
				9EEA0FCD226A8995008595CC /* EmptyDataSetListWithButtonViewController.swift in Sources */,
				9EEA0FBC226A63F5008595CC /* Codextended.swift in Sources */,
				9E94B3DD2030BEC000B8BA18 /* AppDelegate.swift in Sources */,
				9E62CD49226C8E3F0078AAC6 /* Owner.swift in Sources */,
				9EEA0F81226A498A008595CC /* HeroListViewController.swift in Sources */,
				9EA1EC3A226BE60000AC5F88 /* LTWindow.swift in Sources */,
				9EEA0F99226A498A008595CC /* HeroDetailService.swift in Sources */,
				9EA1EC38226BE5A100AC5F88 /* Navigation.swift in Sources */,
				9EEA0F45226A3F9B008595CC /* SplashViewController.swift in Sources */,
				B68EE6BF227640DC00749D62 /* LTCollectionReusableView.swift in Sources */,
				9EEA0FA8226A52DD008595CC /* LTImageView.swift in Sources */,
				9EEA0F7D226A498A008595CC /* HeroCellViewModel.swift in Sources */,
				9EEA0F47226A3FB2008595CC /* MainViewModel.swift in Sources */,
				B6253E36227F818D00342A94 /* UIImageView+AlamofireImage.swift in Sources */,
				9EEA0FB1226A586B008595CC /* LTViewController+ActivitiyIndicator.swift in Sources */,
				9EEA0FAB226A530A008595CC /* FavoriteButton.swift in Sources */,
				FBAD4758226F7B4E00DFE2A2 /* LTViewController+GradientLoadingBar.swift in Sources */,
				9EEA0F4D226A400B008595CC /* MainService.swift in Sources */,
				9EE91FC9226A3B920079827F /* HTTPParameter.swift in Sources */,
			);
			runOnlyForDeploymentPostprocessing = 0;
		};
		9E94B3E92030BEC000B8BA18 /* Sources */ = {
			isa = PBXSourcesBuildPhase;
			buildActionMask = 2147483647;
			files = (
				9E94B3F22030BEC000B8BA18 /* LibrariesPrototypeTests.swift in Sources */,
			);
			runOnlyForDeploymentPostprocessing = 0;
		};
		9E94B3F42030BEC000B8BA18 /* Sources */ = {
			isa = PBXSourcesBuildPhase;
			buildActionMask = 2147483647;
			files = (
				9E94B3FD2030BEC000B8BA18 /* LibrariesPrototypeUITests.swift in Sources */,
			);
			runOnlyForDeploymentPostprocessing = 0;
		};
/* End PBXSourcesBuildPhase section */

/* Begin PBXTargetDependency section */
		9E94B3EF2030BEC000B8BA18 /* PBXTargetDependency */ = {
			isa = PBXTargetDependency;
			target = 9E94B3D82030BEC000B8BA18 /* LibrariesPrototype */;
			targetProxy = 9E94B3EE2030BEC000B8BA18 /* PBXContainerItemProxy */;
		};
		9E94B3FA2030BEC000B8BA18 /* PBXTargetDependency */ = {
			isa = PBXTargetDependency;
			target = 9E94B3D82030BEC000B8BA18 /* LibrariesPrototype */;
			targetProxy = 9E94B3F92030BEC000B8BA18 /* PBXContainerItemProxy */;
		};
/* End PBXTargetDependency section */

/* Begin XCBuildConfiguration section */
		9E94B3FF2030BEC000B8BA18 /* Debug */ = {
			isa = XCBuildConfiguration;
			buildSettings = {
				ALWAYS_SEARCH_USER_PATHS = NO;
				CLANG_ANALYZER_NONNULL = YES;
				CLANG_ANALYZER_NUMBER_OBJECT_CONVERSION = YES_AGGRESSIVE;
				CLANG_CXX_LANGUAGE_STANDARD = "gnu++14";
				CLANG_CXX_LIBRARY = "libc++";
				CLANG_ENABLE_MODULES = YES;
				CLANG_ENABLE_OBJC_ARC = YES;
				CLANG_WARN_BLOCK_CAPTURE_AUTORELEASING = YES;
				CLANG_WARN_BOOL_CONVERSION = YES;
				CLANG_WARN_COMMA = YES;
				CLANG_WARN_CONSTANT_CONVERSION = YES;
				CLANG_WARN_DIRECT_OBJC_ISA_USAGE = YES_ERROR;
				CLANG_WARN_DOCUMENTATION_COMMENTS = YES;
				CLANG_WARN_EMPTY_BODY = YES;
				CLANG_WARN_ENUM_CONVERSION = YES;
				CLANG_WARN_INFINITE_RECURSION = YES;
				CLANG_WARN_INT_CONVERSION = YES;
				CLANG_WARN_NON_LITERAL_NULL_CONVERSION = YES;
				CLANG_WARN_OBJC_LITERAL_CONVERSION = YES;
				CLANG_WARN_OBJC_ROOT_CLASS = YES_ERROR;
				CLANG_WARN_RANGE_LOOP_ANALYSIS = YES;
				CLANG_WARN_STRICT_PROTOTYPES = YES;
				CLANG_WARN_SUSPICIOUS_MOVE = YES;
				CLANG_WARN_UNGUARDED_AVAILABILITY = YES_AGGRESSIVE;
				CLANG_WARN_UNREACHABLE_CODE = YES;
				CLANG_WARN__DUPLICATE_METHOD_MATCH = YES;
				CODE_SIGN_IDENTITY = "iPhone Developer";
				COPY_PHASE_STRIP = NO;
				DEBUG_INFORMATION_FORMAT = dwarf;
				ENABLE_STRICT_OBJC_MSGSEND = YES;
				ENABLE_TESTABILITY = YES;
				GCC_C_LANGUAGE_STANDARD = gnu11;
				GCC_DYNAMIC_NO_PIC = NO;
				GCC_NO_COMMON_BLOCKS = YES;
				GCC_OPTIMIZATION_LEVEL = 0;
				GCC_PREPROCESSOR_DEFINITIONS = (
					"DEBUG=1",
					"$(inherited)",
				);
				GCC_WARN_64_TO_32_BIT_CONVERSION = YES;
				GCC_WARN_ABOUT_RETURN_TYPE = YES_ERROR;
				GCC_WARN_UNDECLARED_SELECTOR = YES;
				GCC_WARN_UNINITIALIZED_AUTOS = YES_AGGRESSIVE;
				GCC_WARN_UNUSED_FUNCTION = YES;
				GCC_WARN_UNUSED_VARIABLE = YES;
				IPHONEOS_DEPLOYMENT_TARGET = 11.2;
				MTL_ENABLE_DEBUG_INFO = YES;
				ONLY_ACTIVE_ARCH = YES;
				SDKROOT = iphoneos;
				SWIFT_ACTIVE_COMPILATION_CONDITIONS = DEBUG;
				SWIFT_OPTIMIZATION_LEVEL = "-Onone";
			};
			name = Debug;
		};
		9E94B4002030BEC000B8BA18 /* Release */ = {
			isa = XCBuildConfiguration;
			buildSettings = {
				ALWAYS_SEARCH_USER_PATHS = NO;
				CLANG_ANALYZER_NONNULL = YES;
				CLANG_ANALYZER_NUMBER_OBJECT_CONVERSION = YES_AGGRESSIVE;
				CLANG_CXX_LANGUAGE_STANDARD = "gnu++14";
				CLANG_CXX_LIBRARY = "libc++";
				CLANG_ENABLE_MODULES = YES;
				CLANG_ENABLE_OBJC_ARC = YES;
				CLANG_WARN_BLOCK_CAPTURE_AUTORELEASING = YES;
				CLANG_WARN_BOOL_CONVERSION = YES;
				CLANG_WARN_COMMA = YES;
				CLANG_WARN_CONSTANT_CONVERSION = YES;
				CLANG_WARN_DIRECT_OBJC_ISA_USAGE = YES_ERROR;
				CLANG_WARN_DOCUMENTATION_COMMENTS = YES;
				CLANG_WARN_EMPTY_BODY = YES;
				CLANG_WARN_ENUM_CONVERSION = YES;
				CLANG_WARN_INFINITE_RECURSION = YES;
				CLANG_WARN_INT_CONVERSION = YES;
				CLANG_WARN_NON_LITERAL_NULL_CONVERSION = YES;
				CLANG_WARN_OBJC_LITERAL_CONVERSION = YES;
				CLANG_WARN_OBJC_ROOT_CLASS = YES_ERROR;
				CLANG_WARN_RANGE_LOOP_ANALYSIS = YES;
				CLANG_WARN_STRICT_PROTOTYPES = YES;
				CLANG_WARN_SUSPICIOUS_MOVE = YES;
				CLANG_WARN_UNGUARDED_AVAILABILITY = YES_AGGRESSIVE;
				CLANG_WARN_UNREACHABLE_CODE = YES;
				CLANG_WARN__DUPLICATE_METHOD_MATCH = YES;
				CODE_SIGN_IDENTITY = "iPhone Developer";
				COPY_PHASE_STRIP = NO;
				DEBUG_INFORMATION_FORMAT = "dwarf-with-dsym";
				ENABLE_NS_ASSERTIONS = NO;
				ENABLE_STRICT_OBJC_MSGSEND = YES;
				GCC_C_LANGUAGE_STANDARD = gnu11;
				GCC_NO_COMMON_BLOCKS = YES;
				GCC_WARN_64_TO_32_BIT_CONVERSION = YES;
				GCC_WARN_ABOUT_RETURN_TYPE = YES_ERROR;
				GCC_WARN_UNDECLARED_SELECTOR = YES;
				GCC_WARN_UNINITIALIZED_AUTOS = YES_AGGRESSIVE;
				GCC_WARN_UNUSED_FUNCTION = YES;
				GCC_WARN_UNUSED_VARIABLE = YES;
				IPHONEOS_DEPLOYMENT_TARGET = 11.2;
				MTL_ENABLE_DEBUG_INFO = NO;
				SDKROOT = iphoneos;
				SWIFT_OPTIMIZATION_LEVEL = "-Owholemodule";
				VALIDATE_PRODUCT = YES;
			};
			name = Release;
		};
		9E94B4022030BEC000B8BA18 /* Debug */ = {
			isa = XCBuildConfiguration;
			baseConfigurationReference = 9E28B3B21F6C7D640CFA7D7F /* Pods-LibrariesPrototype.debug.xcconfig */;
			buildSettings = {
				ASSETCATALOG_COMPILER_APPICON_NAME = AppIcon;
				CODE_SIGN_STYLE = Manual;
				DEVELOPMENT_TEAM = "";
				INFOPLIST_FILE = LibrariesPrototype/Info.plist;
				LD_RUNPATH_SEARCH_PATHS = "$(inherited) @executable_path/Frameworks";
				PRODUCT_BUNDLE_IDENTIFIER = com.ozgunzor.LibrariesPrototype;
				PRODUCT_NAME = "$(TARGET_NAME)";
				PROVISIONING_PROFILE_SPECIFIER = "";
				SWIFT_VERSION = 4.0;
				TARGETED_DEVICE_FAMILY = "1,2";
			};
			name = Debug;
		};
		9E94B4032030BEC000B8BA18 /* Release */ = {
			isa = XCBuildConfiguration;
			baseConfigurationReference = 9BEA3E3759B09962CA71FCB7 /* Pods-LibrariesPrototype.release.xcconfig */;
			buildSettings = {
				ASSETCATALOG_COMPILER_APPICON_NAME = AppIcon;
				CODE_SIGN_STYLE = Manual;
				DEVELOPMENT_TEAM = "";
				INFOPLIST_FILE = LibrariesPrototype/Info.plist;
				LD_RUNPATH_SEARCH_PATHS = "$(inherited) @executable_path/Frameworks";
				PRODUCT_BUNDLE_IDENTIFIER = com.ozgunzor.LibrariesPrototype;
				PRODUCT_NAME = "$(TARGET_NAME)";
				PROVISIONING_PROFILE_SPECIFIER = "";
				SWIFT_VERSION = 4.0;
				TARGETED_DEVICE_FAMILY = "1,2";
			};
			name = Release;
		};
		9E94B4052030BEC000B8BA18 /* Debug */ = {
			isa = XCBuildConfiguration;
			baseConfigurationReference = A641A8D8E78C9E8B21CB0487 /* Pods-LibrariesPrototypeTests.debug.xcconfig */;
			buildSettings = {
				ALWAYS_EMBED_SWIFT_STANDARD_LIBRARIES = YES;
				BUNDLE_LOADER = "$(TEST_HOST)";
				CODE_SIGN_STYLE = Automatic;
				INFOPLIST_FILE = LibrariesPrototypeTests/Info.plist;
				LD_RUNPATH_SEARCH_PATHS = "$(inherited) @executable_path/Frameworks @loader_path/Frameworks";
				PRODUCT_BUNDLE_IDENTIFIER = com.ozgunzor.LibrariesPrototypeTests;
				PRODUCT_NAME = "$(TARGET_NAME)";
				SWIFT_VERSION = 4.0;
				TARGETED_DEVICE_FAMILY = "1,2";
				TEST_HOST = "$(BUILT_PRODUCTS_DIR)/LibrariesPrototype.app/LibrariesPrototype";
			};
			name = Debug;
		};
		9E94B4062030BEC000B8BA18 /* Release */ = {
			isa = XCBuildConfiguration;
			baseConfigurationReference = D0101268CB92B19951DB637D /* Pods-LibrariesPrototypeTests.release.xcconfig */;
			buildSettings = {
				ALWAYS_EMBED_SWIFT_STANDARD_LIBRARIES = YES;
				BUNDLE_LOADER = "$(TEST_HOST)";
				CODE_SIGN_STYLE = Automatic;
				INFOPLIST_FILE = LibrariesPrototypeTests/Info.plist;
				LD_RUNPATH_SEARCH_PATHS = "$(inherited) @executable_path/Frameworks @loader_path/Frameworks";
				PRODUCT_BUNDLE_IDENTIFIER = com.ozgunzor.LibrariesPrototypeTests;
				PRODUCT_NAME = "$(TARGET_NAME)";
				SWIFT_VERSION = 4.0;
				TARGETED_DEVICE_FAMILY = "1,2";
				TEST_HOST = "$(BUILT_PRODUCTS_DIR)/LibrariesPrototype.app/LibrariesPrototype";
			};
			name = Release;
		};
		9E94B4082030BEC000B8BA18 /* Debug */ = {
			isa = XCBuildConfiguration;
			baseConfigurationReference = 32FFCE63D7B019D3EAD96C73 /* Pods-LibrariesPrototypeUITests.debug.xcconfig */;
			buildSettings = {
				ALWAYS_EMBED_SWIFT_STANDARD_LIBRARIES = YES;
				CODE_SIGN_STYLE = Automatic;
				INFOPLIST_FILE = LibrariesPrototypeUITests/Info.plist;
				LD_RUNPATH_SEARCH_PATHS = "$(inherited) @executable_path/Frameworks @loader_path/Frameworks";
				PRODUCT_BUNDLE_IDENTIFIER = com.ozgunzor.LibrariesPrototypeUITests;
				PRODUCT_NAME = "$(TARGET_NAME)";
				SWIFT_VERSION = 4.0;
				TARGETED_DEVICE_FAMILY = "1,2";
				TEST_TARGET_NAME = LibrariesPrototype;
			};
			name = Debug;
		};
		9E94B4092030BEC000B8BA18 /* Release */ = {
			isa = XCBuildConfiguration;
			baseConfigurationReference = 1767AD9BE0E14BBDBFA132F2 /* Pods-LibrariesPrototypeUITests.release.xcconfig */;
			buildSettings = {
				ALWAYS_EMBED_SWIFT_STANDARD_LIBRARIES = YES;
				CODE_SIGN_STYLE = Automatic;
				INFOPLIST_FILE = LibrariesPrototypeUITests/Info.plist;
				LD_RUNPATH_SEARCH_PATHS = "$(inherited) @executable_path/Frameworks @loader_path/Frameworks";
				PRODUCT_BUNDLE_IDENTIFIER = com.ozgunzor.LibrariesPrototypeUITests;
				PRODUCT_NAME = "$(TARGET_NAME)";
				SWIFT_VERSION = 4.0;
				TARGETED_DEVICE_FAMILY = "1,2";
				TEST_TARGET_NAME = LibrariesPrototype;
			};
			name = Release;
		};
/* End XCBuildConfiguration section */

/* Begin XCConfigurationList section */
		9E94B3D42030BEC000B8BA18 /* Build configuration list for PBXProject "LibrariesPrototype" */ = {
			isa = XCConfigurationList;
			buildConfigurations = (
				9E94B3FF2030BEC000B8BA18 /* Debug */,
				9E94B4002030BEC000B8BA18 /* Release */,
			);
			defaultConfigurationIsVisible = 0;
			defaultConfigurationName = Release;
		};
		9E94B4012030BEC000B8BA18 /* Build configuration list for PBXNativeTarget "LibrariesPrototype" */ = {
			isa = XCConfigurationList;
			buildConfigurations = (
				9E94B4022030BEC000B8BA18 /* Debug */,
				9E94B4032030BEC000B8BA18 /* Release */,
			);
			defaultConfigurationIsVisible = 0;
			defaultConfigurationName = Release;
		};
		9E94B4042030BEC000B8BA18 /* Build configuration list for PBXNativeTarget "LibrariesPrototypeTests" */ = {
			isa = XCConfigurationList;
			buildConfigurations = (
				9E94B4052030BEC000B8BA18 /* Debug */,
				9E94B4062030BEC000B8BA18 /* Release */,
			);
			defaultConfigurationIsVisible = 0;
			defaultConfigurationName = Release;
		};
		9E94B4072030BEC000B8BA18 /* Build configuration list for PBXNativeTarget "LibrariesPrototypeUITests" */ = {
			isa = XCConfigurationList;
			buildConfigurations = (
				9E94B4082030BEC000B8BA18 /* Debug */,
				9E94B4092030BEC000B8BA18 /* Release */,
			);
			defaultConfigurationIsVisible = 0;
			defaultConfigurationName = Release;
		};
/* End XCConfigurationList section */
	};
	rootObject = 9E94B3D12030BEC000B8BA18 /* Project object */;
}
