PODS:
  - Alamofire (4.9.1)
  - AlamofireImage (3.6.0):
    - Alamofire (~> 4.9)
  - AlamofireNetworkActivityLogger (2.4.0):
    - Alamofire (~> 4.8)
  - Charts (3.4.0):
    - Charts/Core (= 3.4.0)
  - Charts/Core (3.4.0)
  - CocoaLumberjack/Core (3.6.0)
  - CocoaLumberjack/Swift (3.6.0):
    - CocoaLumberjack/Core
  - EmptyDataSet-Swift (4.2.0)
  - FoldingCell (5.0.2)
  - GradientLoadingBar (1.1.17):
    - LightweightObservable (~> 1.0)
  - HockeySDK (5.1.4):
    - HockeySDK/DefaultLib (= 5.1.4)
  - HockeySDK/DefaultLib (5.1.4)
  - LightweightObservable (1.0.3)
  - lottie-ios (3.1.5)
  - RxCocoa (5.0.1):
    - RxRelay (~> 5)
    - RxSwift (~> 5)
  - RxRelay (5.0.1):
    - RxSwift (~> 5)
  - RxSwift (5.0.1)
  - SVProgressHUD (2.2.5)
  - Swinject (2.7.1)

DEPENDENCIES:
  - Alamofire
  - AlamofireImage (~> 3.5)
  - AlamofireNetworkActivityLogger (~> 2.4)
  - Charts
  - CocoaLumberjack/Swift
  - EmptyDataSet-Swift (~> 4.2.0)
  - FoldingCell
  - GradientLoadingBar (~> 1.0)
  - HockeySDK
  - lottie-ios
  - RxCocoa
  - RxSwift
  - SVProgressHUD
  - Swinject

SPEC REPOS:
  https://github.com/CocoaPods/Specs.git:
    - Alamofire
    - AlamofireImage
    - AlamofireNetworkActivityLogger
    - Charts
    - CocoaLumberjack
    - EmptyDataSet-Swift
    - FoldingCell
    - GradientLoadingBar
    - HockeySDK
    - LightweightObservable
    - lottie-ios
    - RxCocoa
    - RxRelay
    - RxSwift
    - SVProgressHUD
    - Swinject

SPEC CHECKSUMS:
  Alamofire: 85e8a02c69d6020a0d734f6054870d7ecb75cf18
  AlamofireImage: be9963c6582d68b39e89191f64c82a7d7bf40fdd
  AlamofireNetworkActivityLogger: 6d3398c692d2c5d83b0c58793537860aca1e383d
  Charts: 74c9f256eaf0460c0c416522d1cf8c634ea6b286
  CocoaLumberjack: 78b0c238666f4f58db069738ec176f4519557516
  EmptyDataSet-Swift: 1fa0b35f530a35f852ecb2b53564728b0c300aaf
  FoldingCell: f92eb5fb9842319e7cd08c71533c98408b785099
  GradientLoadingBar: a0e1855e4ba5051301027d5f4a129f38003cc2b9
  HockeySDK: 15afe6bc0a5bfe3a531fd73dbf082095f37dac3b
  LightweightObservable: 8687e8e1e2940ae2f64d7f71fe78c036d89c966f
  lottie-ios: 32bf84389337d86fbc8b12266e88452e0abf1dee
  RxCocoa: e741b9749968e8a143e2b787f1dfbff2b63d0a5c
  RxRelay: 89d54507f4fd4d969e6ec1d4bd7f3673640b4640
  RxSwift: e2dc62b366a3adf6a0be44ba9f405efd4c94e0c4
  SVProgressHUD: 1428aafac632c1f86f62aa4243ec12008d7a51d6
  Swinject: ddf78b8486dd9b71a667b852cad919ab4484478e

PODFILE CHECKSUM: 339b85a7843094f17332609066cbe0f1663d4922

COCOAPODS: 1.8.4
